
Microsoft Visual Studio Solution File, Format Version 12.00
# Visual Studio 15
VisualStudioVersion = 15.0.27428.2037
MinimumVisualStudioVersion = 10.0.40219.1
Project("{FAE04EC0-301F-11D3-BF4B-00C04F79EFBC}") = "wmsMLC.EPS.wmsEPS", "EPS\wmsEPS\wmsMLC.EPS.wmsEPS.csproj", "{EAFE1E93-73FA-4DD3-9CD6-4C3C4F969DA7}"
	ProjectSection(ProjectDependencies) = postProject
		{C095CABB-A2BC-45F2-9592-9E75E909622B} = {C095CABB-A2BC-45F2-9592-9E75E909622B}
	EndProjectSection
EndProject
Project("{2150E333-8FDC-42A3-9474-1A3956D46DE8}") = "Tests", "Tests", "{F006E197-3F94-47C3-BF08-923E7E9A1C24}"
	ProjectSection(SolutionItems) = preProject
		wmsMLC.vsmdi = wmsMLC.vsmdi
	EndProjectSection
EndProject
Project("{FAE04EC0-301F-11D3-BF4B-00C04F79EFBC}") = "wmsMLC.General.Types", "General\wmsMLC.General.Types\wmsMLC.General.Types.csproj", "{C095CABB-A2BC-45F2-9592-9E75E909622B}"
EndProject
Project("{FAE04EC0-301F-11D3-BF4B-00C04F79EFBC}") = "wmsMLC.APS.wmsSDCL", "APS\wmsMLC.APS.wmsSDCL\wmsMLC.APS.wmsSDCL.csproj", "{E6A8A670-4E46-4C81-9005-4C159D95932F}"
EndProject
Project("{2150E333-8FDC-42A3-9474-1A3956D46DE8}") = "APS", "APS", "{482030F1-D172-4E7C-876E-7D52F12B29CF}"
EndProject
Project("{2150E333-8FDC-42A3-9474-1A3956D46DE8}") = "Version", "Version", "{50E1EDAF-B8AA-4E62-B4D4-6D7D936EC1C1}"
	ProjectSection(SolutionItems) = preProject
		Version\AssemblyInfoGlobal.cs = Version\AssemblyInfoGlobal.cs
	EndProjectSection
EndProject
Project("{2150E333-8FDC-42A3-9474-1A3956D46DE8}") = "EPS", "EPS", "{F486FA51-6E52-449D-9436-F5A859DA851E}"
EndProject
Project("{2150E333-8FDC-42A3-9474-1A3956D46DE8}") = "DCL", "DCL", "{D7DD20EB-EDEF-46A4-BE6D-7BD496E2178C}"
EndProject
Project("{2150E333-8FDC-42A3-9474-1A3956D46DE8}") = "General", "General", "{FC0110F0-537B-4486-A9AD-0910B831B215}"
EndProject
Project("{FAE04EC0-301F-11D3-BF4B-00C04F79EFBC}") = "wmsMLC.General.BL", "General\wmsMLC.General.BL\wmsMLC.General.BL.csproj", "{DCD24E7C-7328-4D5F-9796-F77312E13EA3}"
EndProject
Project("{FAE04EC0-301F-11D3-BF4B-00C04F79EFBC}") = "wmsMLC.General.DAL", "General\wmsMLC.General.DAL\wmsMLC.General.DAL.csproj", "{32CF6C98-D476-446B-AC2B-8A36E6430D91}"
EndProject
Project("{FAE04EC0-301F-11D3-BF4B-00C04F79EFBC}") = "wmsMLC.General", "General\wmsMLC.General\wmsMLC.General.csproj", "{123BA357-AAC6-4E30-8AF9-9CD944BF25DF}"
EndProject
Project("{2150E333-8FDC-42A3-9474-1A3956D46DE8}") = "Business", "Business", "{12EF351A-74EE-42D7-B63A-BAE31D1E69DD}"
EndProject
Project("{FAE04EC0-301F-11D3-BF4B-00C04F79EFBC}") = "wmsMLC.Business", "Business\wmsMLC.Business\wmsMLC.Business.csproj", "{DE1F83E8-8785-475F-9D0E-19AF3F12C684}"
EndProject
Project("{FAE04EC0-301F-11D3-BF4B-00C04F79EFBC}") = "wmsMLC.General.PL", "General\wmsMLC.General.PL\wmsMLC.General.PL.csproj", "{360F0643-A516-4B1D-905A-F010A5783AC9}"
EndProject
Project("{FAE04EC0-301F-11D3-BF4B-00C04F79EFBC}") = "wmsMLC.General.DAL.Oracle", "General\wmsMLC.General.DAL.Oracle\wmsMLC.General.DAL.Oracle.csproj", "{232A6DA0-3D04-4F84-8C51-9ECA469EF638}"
EndProject
Project("{FAE04EC0-301F-11D3-BF4B-00C04F79EFBC}") = "wmsMLC.General.DAL.Service", "General\wmsMLC.General.DAL.Service\wmsMLC.General.DAL.Service.csproj", "{768E1795-0A6B-4396-94B6-BEA4B1713E6C}"
EndProject
Project("{FAE04EC0-301F-11D3-BF4B-00C04F79EFBC}") = "wmsMLC.DCL.General", "DCL\wmsMLC.DCL.General\wmsMLC.DCL.General.csproj", "{151601E7-810A-4BAF-8D96-1DC589D603DA}"
EndProject
Project("{FAE04EC0-301F-11D3-BF4B-00C04F79EFBC}") = "wmsMLC.DCL.Resources", "DCL\wmsMLC.DCL.Resources\wmsMLC.DCL.Resources.csproj", "{D126F979-3E89-4A0F-AD21-9ED5C99C8AC2}"
EndProject
Project("{FAE04EC0-301F-11D3-BF4B-00C04F79EFBC}") = "wmsMLC.DCL.Main", "DCL\wmsMLC.DCL.Main\wmsMLC.DCL.Main.csproj", "{98890FF2-0995-4F5C-9073-500690342BC8}"
EndProject
Project("{FAE04EC0-301F-11D3-BF4B-00C04F79EFBC}") = "wmsMLC.DCL.Client", "DCL\wmsMLC.DCL.Clinet\wmsMLC.DCL.Client.csproj", "{E5AA6562-F64B-4A38-92C2-A8B9D0D47C10}"
EndProject
Project("{FAE04EC0-301F-11D3-BF4B-00C04F79EFBC}") = "wmsMLC.DCL.Content", "DCL\wmsMLC.DCL.Content\wmsMLC.DCL.Content.csproj", "{BDB91387-C3FF-41ED-86B3-0620C6D61AD7}"
EndProject
Project("{FAE04EC0-301F-11D3-BF4B-00C04F79EFBC}") = "wmsMLC.Business.DAL", "Business\wmsMLC.Business.DAL\wmsMLC.Business.DAL.csproj", "{386329D8-725F-4518-BFF8-496246552261}"
EndProject
Project("{FAE04EC0-301F-11D3-BF4B-00C04F79EFBC}") = "wmsMLC.Business.DAL.Oracle", "Business\wmsMLC.Business.DAL.Oracle\wmsMLC.Business.DAL.Oracle.csproj", "{D271F881-E1C6-47FF-B2F6-2805B6F23389}"
EndProject
Project("{FAE04EC0-301F-11D3-BF4B-00C04F79EFBC}") = "wmsMLC.Business.DAL.Service", "Business\wmsMLC.Business.DAL.Service\wmsMLC.Business.DAL.Service.csproj", "{DFD95AD4-01A4-4932-BA10-6B1A24A17072}"
EndProject
Project("{FAE04EC0-301F-11D3-BF4B-00C04F79EFBC}") = "wmsMLC.Business.Objects", "Business\wmsMLC.Business.Objects\wmsMLC.Business.Objects.csproj", "{67D93016-602C-462B-BE46-9FDFA9ED2566}"
EndProject
Project("{FAE04EC0-301F-11D3-BF4B-00C04F79EFBC}") = "wmsMLC.Business.Managers", "Business\wmsMLC.Business.Managers\wmsMLC.Business.Managers.csproj", "{19243B19-DEC2-49C1-83A1-C1BFC861C9E3}"
EndProject
Project("{FAE04EC0-301F-11D3-BF4B-00C04F79EFBC}") = "wmsMLC.Tests.Functional", "Tests\wmsMLC.Tests.Functional\wmsMLC.Tests.Functional.csproj", "{400BB22A-8C66-4ADA-8EAA-C499FFF66F4D}"
EndProject
Project("{FAE04EC0-301F-11D3-BF4B-00C04F79EFBC}") = "wmsMLC.DCL.WorkflowDesigner", "DCL\wmsMLC.DCL.WorkflowDesigner\wmsMLC.DCL.WorkflowDesigner.csproj", "{4B1DEACB-4EAA-4B39-9D72-D62F56D4B5F8}"
EndProject
Project("{2150E333-8FDC-42A3-9474-1A3956D46DE8}") = "Activities", "Activities", "{ED7BA920-EF2D-4D86-A48D-76DBDFB95CE8}"
EndProject
Project("{FAE04EC0-301F-11D3-BF4B-00C04F79EFBC}") = "wmsMLC.Activities.General", "Activities\wmsMLC.Activities.General\wmsMLC.Activities.General.csproj", "{98EC024C-6439-44B1-8B1E-29E457B2201F}"
EndProject
Project("{FAE04EC0-301F-11D3-BF4B-00C04F79EFBC}") = "wmsMLC.Activities.ViewInteraction", "Activities\wmsMLC.Activities.ViewInteraction\wmsMLC.Activities.ViewInteraction.csproj", "{089DA187-7317-4A54-80B3-FC0687229C60}"
EndProject
Project("{2150E333-8FDC-42A3-9474-1A3956D46DE8}") = "Libraries", "Libraries", "{CFA5D7F3-A942-48EF-8AFE-D2467AF6CDEF}"
EndProject
Project("{2150E333-8FDC-42A3-9474-1A3956D46DE8}") = "RCL", "RCL", "{E7BF9AE3-8118-401F-ADEA-B47B58BED54E}"
EndProject
Project("{FAE04EC0-301F-11D3-BF4B-00C04F79EFBC}") = "wmsMLC.RCL.Client", "RCL\wmsMLC.RCL.Client\wmsMLC.RCL.Client.csproj", "{6BFC96B8-A443-4A99-A0FF-212DF29E9323}"
EndProject
Project("{FAE04EC0-301F-11D3-BF4B-00C04F79EFBC}") = "wmsMLC.RCL.General", "RCL\wmsMLC.RCL.General\wmsMLC.RCL.General.csproj", "{6A0EC1BE-8308-4310-83E3-7F8434AB3685}"
EndProject
Project("{FAE04EC0-301F-11D3-BF4B-00C04F79EFBC}") = "wmsMLC.RCL.Main", "RCL\wmsMLC.RCL.Main\wmsMLC.RCL.Main.csproj", "{6A5BD8FD-1A0E-4B8E-88CD-88AEFE228DBB}"
EndProject
Project("{FAE04EC0-301F-11D3-BF4B-00C04F79EFBC}") = "wmsMLC.RCL.Resources", "RCL\wmsMLC.RCL.Resources\wmsMLC.RCL.Resources.csproj", "{367772AE-70EC-4865-B296-9A72D8062E80}"
EndProject
Project("{FAE04EC0-301F-11D3-BF4B-00C04F79EFBC}") = "wmsMLC.APS.wmsRS", "APS\wmsMLC.APS.wmsRS\wmsMLC.APS.wmsRS.csproj", "{87185044-7F89-443C-BBFD-B97BB24379B0}"
EndProject
Project("{FAE04EC0-301F-11D3-BF4B-00C04F79EFBC}") = "wmsMLC.APS.wmsSI", "APS\wmsMLC.APS.wmsSI\wmsMLC.APS.wmsSI.csproj", "{3AFAB82D-059D-4173-95C3-428B465FE43C}"
EndProject
Project("{FAE04EC0-301F-11D3-BF4B-00C04F79EFBC}") = "wmsMLC.Business.General", "Business\wmsMLC.Business.General\wmsMLC.Business.General.csproj", "{AC7BED6A-2890-48D1-B1E3-C746053CD4DB}"
EndProject
Project("{FAE04EC0-301F-11D3-BF4B-00C04F79EFBC}") = "wmsMLC.Activities.Dialogs", "Activities\wmsMLC.Activities.Dialogs\wmsMLC.Activities.Dialogs.csproj", "{6120EDD0-2328-4742-AD76-82FB255065C4}"
EndProject
Project("{FAE04EC0-301F-11D3-BF4B-00C04F79EFBC}") = "wmsMLC.Activities.RclViewInteraction", "Activities\wmsMLC.Activities.RclViewInteraction\wmsMLC.Activities.RclViewInteraction.csproj", "{B4797CE1-678F-4F83-9C3D-060F3BDD6460}"
EndProject
Project("{FAE04EC0-301F-11D3-BF4B-00C04F79EFBC}") = "wmsMLC.Activities.Business", "Activities\wmsMLC.Activities.Business\wmsMLC.Activities.Business.csproj", "{D42CE420-D856-40A5-99E8-5FA15D866779}"
EndProject
Project("{FAE04EC0-301F-11D3-BF4B-00C04F79EFBC}") = "wmsMLC.Crypto", "..\Libraries\wmsMLC.Crypto\wmsMLC.Crypto.csproj", "{98504052-EF0B-44C3-BF02-0B5C9D56C363}"
EndProject
Project("{FAE04EC0-301F-11D3-BF4B-00C04F79EFBC}") = "wmsMLC.Tests.Processes", "Tests\wmsMLC.Tests.Processes\wmsMLC.Tests.Processes.csproj", "{ADBE11C3-185B-4E64-9F4D-ACFA57938EC3}"
EndProject
Project("{FAE04EC0-301F-11D3-BF4B-00C04F79EFBC}") = "wmsMLC.Activities.Business.Designer", "Activities\wmsMLC.Activities.Business.Designer\wmsMLC.Activities.Business.Designer.csproj", "{71315D65-FCEF-43D4-B659-F6E50EF8A9DD}"
EndProject
Project("{FAE04EC0-301F-11D3-BF4B-00C04F79EFBC}") = "wmsMLC.DCL.Topology", "DCL\wmsMLC.DCL.Topology\wmsMLC.DCL.Topology.csproj", "{83FEEF08-A049-469B-8F5D-077433EB6CE2}"
EndProject
Project("{FAE04EC0-301F-11D3-BF4B-00C04F79EFBC}") = "wmsMLC.Business.Workflow", "Business\wmsMLC.Business.Workflow\wmsMLC.Business.Workflow.csproj", "{0D8DC4D6-AB8C-4C03-A9A7-EB8E36D72B62}"
EndProject
Project("{FAE04EC0-301F-11D3-BF4B-00C04F79EFBC}") = "wmsMLC.General.PL.WPF", "General\wmsMLC.General.PL.WPF\wmsMLC.General.PL.WPF.csproj", "{4312AE52-C3D5-435A-A174-93BC9D14B7C1}"
EndProject
Project("{FAE04EC0-301F-11D3-BF4B-00C04F79EFBC}") = "wmsMLC.DCL.Packing", "DCL\wmsMLC.DCL.Packing\wmsMLC.DCL.Packing.csproj", "{3DB9D842-1E5E-4AF5-98E6-2AD9E95BC664}"
EndProject
Project("{FAE04EC0-301F-11D3-BF4B-00C04F79EFBC}") = "wmsMLC.DCL.Configurator", "DCL\wmsMLC.DCL.Configurator\wmsMLC.DCL.Configurator.csproj", "{3684D7D4-C33A-4469-823C-36638758FBE5}"
EndProject
Project("{FAE04EC0-301F-11D3-BF4B-00C04F79EFBC}") = "wmsMLC.General.Updater", "General\wmsMLC.General.Updater\wmsMLC.General.Updater.csproj", "{68932B2D-0CB0-4525-90AD-DF8A5D0E9F0F}"
EndProject
Project("{FAE04EC0-301F-11D3-BF4B-00C04F79EFBC}") = "wmsMLC.DCL.ResourceManagement", "DCL\wmsMLC.DCL.ResourceManagement\wmsMLC.DCL.ResourceManagement.csproj", "{88A50903-D841-4633-97E1-AF9D9F193C7E}"
EndProject
Project("{FAE04EC0-301F-11D3-BF4B-00C04F79EFBC}") = "wmsMLC.General.PL.WPF.Components", "General\wmsMLC.General.PL.WPF.Components\wmsMLC.General.PL.WPF.Components.csproj", "{6DCE5AA0-FF62-454A-94E9-B766C413E673}"
EndProject
Project("{FAE04EC0-301F-11D3-BF4B-00C04F79EFBC}") = "wmsMLC.General.DAL.WebAPI", "General\wmsMLC.General.DAL.WebAPI\wmsMLC.General.DAL.WebAPI.csproj", "{103B81EF-BD13-418D-9280-99552C1F590B}"
EndProject
Project("{FAE04EC0-301F-11D3-BF4B-00C04F79EFBC}") = "wmsMLC.Business.DAL.WebAPI", "Business\wmsMLC.Business.DAL.WebAPI\wmsMLC.Business.DAL.WebAPI.csproj", "{F880ABEF-9B1F-4C43-A9D7-546685377E7D}"
EndProject
Project("{FAE04EC0-301F-11D3-BF4B-00C04F79EFBC}") = "wmsMLC.APS.wmsWebAPI", "APS\wmsMLC.APS.wmsWebAPI\wmsMLC.APS.wmsWebAPI.csproj", "{C1CB4C1C-F2F8-4970-881D-8796FE8A9589}"
EndProject
Project("{FAE04EC0-301F-11D3-BF4B-00C04F79EFBC}") = "wmsMLC.APS.wmsEPS", "APS\wmsMLC.APS.wmsEPS\wmsMLC.APS.wmsEPS.csproj", "{3AE144F1-77F2-4696-8B49-D57F7C98BAF2}"
EndProject
Project("{FAE04EC0-301F-11D3-BF4B-00C04F79EFBC}") = "wmsMLC.RCL.Content", "RCL\wmsMLC.RCL.Content\wmsMLC.RCL.Content.csproj", "{9E3530FB-5839-4A08-844D-4C91689EC231}"
EndProject
Project("{FAE04EC0-301F-11D3-BF4B-00C04F79EFBC}") = "wmsMLC.DCL.DashboardDesigner", "DCL\wmsMLC.DCL.DashboardDesigner\wmsMLC.DCL.DashboardDesigner.csproj", "{56422E2B-2220-47F1-AF1C-96BB44FFBD57}"
EndProject
Project("{FAE04EC0-301F-11D3-BF4B-00C04F79EFBC}") = "wmsMLC.DCL.Chat", "DCL\wmsMLC.DCL.Chat\wmsMLC.DCL.Chat.csproj", "{B4651760-4568-4BD0-BDCF-EF60EB85E2D0}"
EndProject
Project("{FAE04EC0-301F-11D3-BF4B-00C04F79EFBC}") = "wmsMLC.Business.JabberManager", "Business\wmsMLC.Business.JabberManager\wmsMLC.Business.JabberManager.csproj", "{214C74B5-09DE-434E-BDF9-1576405668A2}"
EndProject
Project("{FAE04EC0-301F-11D3-BF4B-00C04F79EFBC}") = "wmsMLC.General.Services", "General\wmsMLC.General.Services\wmsMLC.General.Services.csproj", "{750846A6-2C6D-4715-884C-D24CE3BC3BC1}"
EndProject
Project("{FAE04EC0-301F-11D3-BF4B-00C04F79EFBC}") = "wmsMLC.General.Services.Client", "General\wmsMLC.General.Services.Client\wmsMLC.General.Services.Client.csproj", "{08319E3E-206C-4E38-B658-171D34FC1812}"
EndProject
Project("{FAE04EC0-301F-11D3-BF4B-00C04F79EFBC}") = "wmsMLC.General.Services.Service", "General\wmsMLC.General.Services.Service\wmsMLC.General.Services.Service.csproj", "{3EB67AF3-4C72-4D0A-B999-1049DFE1B3DB}"
EndProject
Project("{FAE04EC0-301F-11D3-BF4B-00C04F79EFBC}") = "MLC.WF", "..\Libraries\MLC.Workflows\MLC.WF\MLC.WF.csproj", "{D771259F-E4A8-4E61-8C29-79F4A9A937F5}"
EndProject
Project("{FAE04EC0-301F-11D3-BF4B-00C04F79EFBC}") = "MLC.WF.Activities", "..\Libraries\MLC.Workflows\MLC.WF.Activities\MLC.WF.Activities.csproj", "{E32205A6-B6BE-4748-91E6-7FF39C026EE4}"
EndProject
Project("{FAE04EC0-301F-11D3-BF4B-00C04F79EFBC}") = "MLC.WebClient", "MLC.WebClient\MLC.WebClient.csproj", "{E3DF40C5-76A3-46BF-B043-596C811C3ECD}"
EndProject
Project("{FAE04EC0-301F-11D3-BF4B-00C04F79EFBC}") = "MLC.WebClient.Tests", "MLC.WebClient.Tests\MLC.WebClient.Tests.csproj", "{88B2292E-21AC-4E65-B458-F47F52E5A4DE}"
EndProject
Project("{FAE04EC0-301F-11D3-BF4B-00C04F79EFBC}") = "MLC.Wms.Tests", "Tests\MLC.Wms.Tests\MLC.Wms.Tests.csproj", "{04CCC9A2-799F-4C7D-B4CB-D38C09A3BF6E}"
EndProject
Project("{FAE04EC0-301F-11D3-BF4B-00C04F79EFBC}") = "wmsMLC.DCL.Browser", "DCL\wmsMLC.DCL.Browser\wmsMLC.DCL.Browser.csproj", "{4E4E4399-1D80-4198-9B71-18183FB13474}"
EndProject
Global
	GlobalSection(SolutionConfigurationPlatforms) = preSolution
		Debug|Any CPU = Debug|Any CPU
		DEV|Any CPU = DEV|Any CPU
		PRD|Any CPU = PRD|Any CPU
		Release|Any CPU = Release|Any CPU
		TST|Any CPU = TST|Any CPU
		TST1|Any CPU = TST1|Any CPU
	EndGlobalSection
	GlobalSection(ProjectConfigurationPlatforms) = postSolution
		{EAFE1E93-73FA-4DD3-9CD6-4C3C4F969DA7}.Debug|Any CPU.ActiveCfg = Debug|Any CPU
		{EAFE1E93-73FA-4DD3-9CD6-4C3C4F969DA7}.Debug|Any CPU.Build.0 = Debug|Any CPU
		{EAFE1E93-73FA-4DD3-9CD6-4C3C4F969DA7}.DEV|Any CPU.ActiveCfg = Release|Any CPU
		{EAFE1E93-73FA-4DD3-9CD6-4C3C4F969DA7}.DEV|Any CPU.Build.0 = Release|Any CPU
		{EAFE1E93-73FA-4DD3-9CD6-4C3C4F969DA7}.PRD|Any CPU.ActiveCfg = Release|Any CPU
		{EAFE1E93-73FA-4DD3-9CD6-4C3C4F969DA7}.PRD|Any CPU.Build.0 = Release|Any CPU
		{EAFE1E93-73FA-4DD3-9CD6-4C3C4F969DA7}.Release|Any CPU.ActiveCfg = Release|Any CPU
		{EAFE1E93-73FA-4DD3-9CD6-4C3C4F969DA7}.Release|Any CPU.Build.0 = Release|Any CPU
		{EAFE1E93-73FA-4DD3-9CD6-4C3C4F969DA7}.TST|Any CPU.ActiveCfg = Release|Any CPU
		{EAFE1E93-73FA-4DD3-9CD6-4C3C4F969DA7}.TST|Any CPU.Build.0 = Release|Any CPU
		{EAFE1E93-73FA-4DD3-9CD6-4C3C4F969DA7}.TST1|Any CPU.ActiveCfg = TST1|Any CPU
		{EAFE1E93-73FA-4DD3-9CD6-4C3C4F969DA7}.TST1|Any CPU.Build.0 = TST1|Any CPU
		{C095CABB-A2BC-45F2-9592-9E75E909622B}.Debug|Any CPU.ActiveCfg = Debug|Any CPU
		{C095CABB-A2BC-45F2-9592-9E75E909622B}.Debug|Any CPU.Build.0 = Debug|Any CPU
		{C095CABB-A2BC-45F2-9592-9E75E909622B}.DEV|Any CPU.ActiveCfg = Release|Any CPU
		{C095CABB-A2BC-45F2-9592-9E75E909622B}.DEV|Any CPU.Build.0 = Release|Any CPU
		{C095CABB-A2BC-45F2-9592-9E75E909622B}.PRD|Any CPU.ActiveCfg = Release|Any CPU
		{C095CABB-A2BC-45F2-9592-9E75E909622B}.PRD|Any CPU.Build.0 = Release|Any CPU
		{C095CABB-A2BC-45F2-9592-9E75E909622B}.Release|Any CPU.ActiveCfg = Release|Any CPU
		{C095CABB-A2BC-45F2-9592-9E75E909622B}.Release|Any CPU.Build.0 = Release|Any CPU
		{C095CABB-A2BC-45F2-9592-9E75E909622B}.TST|Any CPU.ActiveCfg = Release|Any CPU
		{C095CABB-A2BC-45F2-9592-9E75E909622B}.TST|Any CPU.Build.0 = Release|Any CPU
		{C095CABB-A2BC-45F2-9592-9E75E909622B}.TST1|Any CPU.ActiveCfg = TST1|Any CPU
		{C095CABB-A2BC-45F2-9592-9E75E909622B}.TST1|Any CPU.Build.0 = TST1|Any CPU
		{E6A8A670-4E46-4C81-9005-4C159D95932F}.Debug|Any CPU.ActiveCfg = Debug|Any CPU
		{E6A8A670-4E46-4C81-9005-4C159D95932F}.Debug|Any CPU.Build.0 = Debug|Any CPU
		{E6A8A670-4E46-4C81-9005-4C159D95932F}.DEV|Any CPU.ActiveCfg = Release|Any CPU
		{E6A8A670-4E46-4C81-9005-4C159D95932F}.DEV|Any CPU.Build.0 = Release|Any CPU
		{E6A8A670-4E46-4C81-9005-4C159D95932F}.PRD|Any CPU.ActiveCfg = Release|Any CPU
		{E6A8A670-4E46-4C81-9005-4C159D95932F}.PRD|Any CPU.Build.0 = Release|Any CPU
		{E6A8A670-4E46-4C81-9005-4C159D95932F}.Release|Any CPU.ActiveCfg = Release|Any CPU
		{E6A8A670-4E46-4C81-9005-4C159D95932F}.Release|Any CPU.Build.0 = Release|Any CPU
		{E6A8A670-4E46-4C81-9005-4C159D95932F}.TST|Any CPU.ActiveCfg = Release|Any CPU
		{E6A8A670-4E46-4C81-9005-4C159D95932F}.TST|Any CPU.Build.0 = Release|Any CPU
		{E6A8A670-4E46-4C81-9005-4C159D95932F}.TST1|Any CPU.ActiveCfg = TST1|Any CPU
		{E6A8A670-4E46-4C81-9005-4C159D95932F}.TST1|Any CPU.Build.0 = TST1|Any CPU
		{DCD24E7C-7328-4D5F-9796-F77312E13EA3}.Debug|Any CPU.ActiveCfg = Debug|Any CPU
		{DCD24E7C-7328-4D5F-9796-F77312E13EA3}.Debug|Any CPU.Build.0 = Debug|Any CPU
		{DCD24E7C-7328-4D5F-9796-F77312E13EA3}.DEV|Any CPU.ActiveCfg = Release|Any CPU
		{DCD24E7C-7328-4D5F-9796-F77312E13EA3}.DEV|Any CPU.Build.0 = Release|Any CPU
		{DCD24E7C-7328-4D5F-9796-F77312E13EA3}.PRD|Any CPU.ActiveCfg = Release|Any CPU
		{DCD24E7C-7328-4D5F-9796-F77312E13EA3}.PRD|Any CPU.Build.0 = Release|Any CPU
		{DCD24E7C-7328-4D5F-9796-F77312E13EA3}.Release|Any CPU.ActiveCfg = Release|Any CPU
		{DCD24E7C-7328-4D5F-9796-F77312E13EA3}.Release|Any CPU.Build.0 = Release|Any CPU
		{DCD24E7C-7328-4D5F-9796-F77312E13EA3}.TST|Any CPU.ActiveCfg = Release|Any CPU
		{DCD24E7C-7328-4D5F-9796-F77312E13EA3}.TST|Any CPU.Build.0 = Release|Any CPU
		{DCD24E7C-7328-4D5F-9796-F77312E13EA3}.TST1|Any CPU.ActiveCfg = TST1|Any CPU
		{DCD24E7C-7328-4D5F-9796-F77312E13EA3}.TST1|Any CPU.Build.0 = TST1|Any CPU
		{32CF6C98-D476-446B-AC2B-8A36E6430D91}.Debug|Any CPU.ActiveCfg = Debug|Any CPU
		{32CF6C98-D476-446B-AC2B-8A36E6430D91}.Debug|Any CPU.Build.0 = Debug|Any CPU
		{32CF6C98-D476-446B-AC2B-8A36E6430D91}.DEV|Any CPU.ActiveCfg = Release|Any CPU
		{32CF6C98-D476-446B-AC2B-8A36E6430D91}.DEV|Any CPU.Build.0 = Release|Any CPU
		{32CF6C98-D476-446B-AC2B-8A36E6430D91}.PRD|Any CPU.ActiveCfg = Release|Any CPU
		{32CF6C98-D476-446B-AC2B-8A36E6430D91}.PRD|Any CPU.Build.0 = Release|Any CPU
		{32CF6C98-D476-446B-AC2B-8A36E6430D91}.Release|Any CPU.ActiveCfg = Release|Any CPU
		{32CF6C98-D476-446B-AC2B-8A36E6430D91}.Release|Any CPU.Build.0 = Release|Any CPU
		{32CF6C98-D476-446B-AC2B-8A36E6430D91}.TST|Any CPU.ActiveCfg = Release|Any CPU
		{32CF6C98-D476-446B-AC2B-8A36E6430D91}.TST|Any CPU.Build.0 = Release|Any CPU
		{32CF6C98-D476-446B-AC2B-8A36E6430D91}.TST1|Any CPU.ActiveCfg = TST1|Any CPU
		{32CF6C98-D476-446B-AC2B-8A36E6430D91}.TST1|Any CPU.Build.0 = TST1|Any CPU
		{123BA357-AAC6-4E30-8AF9-9CD944BF25DF}.Debug|Any CPU.ActiveCfg = Debug|Any CPU
		{123BA357-AAC6-4E30-8AF9-9CD944BF25DF}.Debug|Any CPU.Build.0 = Debug|Any CPU
		{123BA357-AAC6-4E30-8AF9-9CD944BF25DF}.DEV|Any CPU.ActiveCfg = Release|Any CPU
		{123BA357-AAC6-4E30-8AF9-9CD944BF25DF}.DEV|Any CPU.Build.0 = Release|Any CPU
		{123BA357-AAC6-4E30-8AF9-9CD944BF25DF}.PRD|Any CPU.ActiveCfg = Release|Any CPU
		{123BA357-AAC6-4E30-8AF9-9CD944BF25DF}.PRD|Any CPU.Build.0 = Release|Any CPU
		{123BA357-AAC6-4E30-8AF9-9CD944BF25DF}.Release|Any CPU.ActiveCfg = Release|Any CPU
		{123BA357-AAC6-4E30-8AF9-9CD944BF25DF}.Release|Any CPU.Build.0 = Release|Any CPU
		{123BA357-AAC6-4E30-8AF9-9CD944BF25DF}.TST|Any CPU.ActiveCfg = Release|Any CPU
		{123BA357-AAC6-4E30-8AF9-9CD944BF25DF}.TST|Any CPU.Build.0 = Release|Any CPU
		{123BA357-AAC6-4E30-8AF9-9CD944BF25DF}.TST1|Any CPU.ActiveCfg = TST1|Any CPU
		{123BA357-AAC6-4E30-8AF9-9CD944BF25DF}.TST1|Any CPU.Build.0 = TST1|Any CPU
		{DE1F83E8-8785-475F-9D0E-19AF3F12C684}.Debug|Any CPU.ActiveCfg = Debug|Any CPU
		{DE1F83E8-8785-475F-9D0E-19AF3F12C684}.Debug|Any CPU.Build.0 = Debug|Any CPU
		{DE1F83E8-8785-475F-9D0E-19AF3F12C684}.DEV|Any CPU.ActiveCfg = Release|Any CPU
		{DE1F83E8-8785-475F-9D0E-19AF3F12C684}.DEV|Any CPU.Build.0 = Release|Any CPU
		{DE1F83E8-8785-475F-9D0E-19AF3F12C684}.PRD|Any CPU.ActiveCfg = Release|Any CPU
		{DE1F83E8-8785-475F-9D0E-19AF3F12C684}.PRD|Any CPU.Build.0 = Release|Any CPU
		{DE1F83E8-8785-475F-9D0E-19AF3F12C684}.Release|Any CPU.ActiveCfg = Release|Any CPU
		{DE1F83E8-8785-475F-9D0E-19AF3F12C684}.Release|Any CPU.Build.0 = Release|Any CPU
		{DE1F83E8-8785-475F-9D0E-19AF3F12C684}.TST|Any CPU.ActiveCfg = Release|Any CPU
		{DE1F83E8-8785-475F-9D0E-19AF3F12C684}.TST|Any CPU.Build.0 = Release|Any CPU
		{DE1F83E8-8785-475F-9D0E-19AF3F12C684}.TST1|Any CPU.ActiveCfg = TST1|Any CPU
		{DE1F83E8-8785-475F-9D0E-19AF3F12C684}.TST1|Any CPU.Build.0 = TST1|Any CPU
		{360F0643-A516-4B1D-905A-F010A5783AC9}.Debug|Any CPU.ActiveCfg = Debug|Any CPU
		{360F0643-A516-4B1D-905A-F010A5783AC9}.Debug|Any CPU.Build.0 = Debug|Any CPU
		{360F0643-A516-4B1D-905A-F010A5783AC9}.DEV|Any CPU.ActiveCfg = Release|Any CPU
		{360F0643-A516-4B1D-905A-F010A5783AC9}.DEV|Any CPU.Build.0 = Release|Any CPU
		{360F0643-A516-4B1D-905A-F010A5783AC9}.PRD|Any CPU.ActiveCfg = Release|Any CPU
		{360F0643-A516-4B1D-905A-F010A5783AC9}.PRD|Any CPU.Build.0 = Release|Any CPU
		{360F0643-A516-4B1D-905A-F010A5783AC9}.Release|Any CPU.ActiveCfg = Release|Any CPU
		{360F0643-A516-4B1D-905A-F010A5783AC9}.Release|Any CPU.Build.0 = Release|Any CPU
		{360F0643-A516-4B1D-905A-F010A5783AC9}.TST|Any CPU.ActiveCfg = Release|Any CPU
		{360F0643-A516-4B1D-905A-F010A5783AC9}.TST|Any CPU.Build.0 = Release|Any CPU
		{360F0643-A516-4B1D-905A-F010A5783AC9}.TST1|Any CPU.ActiveCfg = TST1|Any CPU
		{360F0643-A516-4B1D-905A-F010A5783AC9}.TST1|Any CPU.Build.0 = TST1|Any CPU
		{232A6DA0-3D04-4F84-8C51-9ECA469EF638}.Debug|Any CPU.ActiveCfg = Debug|Any CPU
		{232A6DA0-3D04-4F84-8C51-9ECA469EF638}.Debug|Any CPU.Build.0 = Debug|Any CPU
		{232A6DA0-3D04-4F84-8C51-9ECA469EF638}.DEV|Any CPU.ActiveCfg = Release|Any CPU
		{232A6DA0-3D04-4F84-8C51-9ECA469EF638}.DEV|Any CPU.Build.0 = Release|Any CPU
		{232A6DA0-3D04-4F84-8C51-9ECA469EF638}.PRD|Any CPU.ActiveCfg = Release|Any CPU
		{232A6DA0-3D04-4F84-8C51-9ECA469EF638}.PRD|Any CPU.Build.0 = Release|Any CPU
		{232A6DA0-3D04-4F84-8C51-9ECA469EF638}.Release|Any CPU.ActiveCfg = Release|Any CPU
		{232A6DA0-3D04-4F84-8C51-9ECA469EF638}.Release|Any CPU.Build.0 = Release|Any CPU
		{232A6DA0-3D04-4F84-8C51-9ECA469EF638}.TST|Any CPU.ActiveCfg = Release|Any CPU
		{232A6DA0-3D04-4F84-8C51-9ECA469EF638}.TST|Any CPU.Build.0 = Release|Any CPU
		{232A6DA0-3D04-4F84-8C51-9ECA469EF638}.TST1|Any CPU.ActiveCfg = TST1|Any CPU
		{232A6DA0-3D04-4F84-8C51-9ECA469EF638}.TST1|Any CPU.Build.0 = TST1|Any CPU
		{768E1795-0A6B-4396-94B6-BEA4B1713E6C}.Debug|Any CPU.ActiveCfg = Debug|Any CPU
		{768E1795-0A6B-4396-94B6-BEA4B1713E6C}.Debug|Any CPU.Build.0 = Debug|Any CPU
		{768E1795-0A6B-4396-94B6-BEA4B1713E6C}.DEV|Any CPU.ActiveCfg = Release|Any CPU
		{768E1795-0A6B-4396-94B6-BEA4B1713E6C}.DEV|Any CPU.Build.0 = Release|Any CPU
		{768E1795-0A6B-4396-94B6-BEA4B1713E6C}.PRD|Any CPU.ActiveCfg = Release|Any CPU
		{768E1795-0A6B-4396-94B6-BEA4B1713E6C}.PRD|Any CPU.Build.0 = Release|Any CPU
		{768E1795-0A6B-4396-94B6-BEA4B1713E6C}.Release|Any CPU.ActiveCfg = Release|Any CPU
		{768E1795-0A6B-4396-94B6-BEA4B1713E6C}.Release|Any CPU.Build.0 = Release|Any CPU
		{768E1795-0A6B-4396-94B6-BEA4B1713E6C}.TST|Any CPU.ActiveCfg = Release|Any CPU
		{768E1795-0A6B-4396-94B6-BEA4B1713E6C}.TST|Any CPU.Build.0 = Release|Any CPU
		{768E1795-0A6B-4396-94B6-BEA4B1713E6C}.TST1|Any CPU.ActiveCfg = TST1|Any CPU
		{768E1795-0A6B-4396-94B6-BEA4B1713E6C}.TST1|Any CPU.Build.0 = TST1|Any CPU
		{151601E7-810A-4BAF-8D96-1DC589D603DA}.Debug|Any CPU.ActiveCfg = Debug|Any CPU
		{151601E7-810A-4BAF-8D96-1DC589D603DA}.Debug|Any CPU.Build.0 = Debug|Any CPU
		{151601E7-810A-4BAF-8D96-1DC589D603DA}.DEV|Any CPU.ActiveCfg = Release|Any CPU
		{151601E7-810A-4BAF-8D96-1DC589D603DA}.DEV|Any CPU.Build.0 = Release|Any CPU
		{151601E7-810A-4BAF-8D96-1DC589D603DA}.PRD|Any CPU.ActiveCfg = Release|Any CPU
		{151601E7-810A-4BAF-8D96-1DC589D603DA}.PRD|Any CPU.Build.0 = Release|Any CPU
		{151601E7-810A-4BAF-8D96-1DC589D603DA}.Release|Any CPU.ActiveCfg = Release|Any CPU
		{151601E7-810A-4BAF-8D96-1DC589D603DA}.Release|Any CPU.Build.0 = Release|Any CPU
		{151601E7-810A-4BAF-8D96-1DC589D603DA}.TST|Any CPU.ActiveCfg = Release|Any CPU
		{151601E7-810A-4BAF-8D96-1DC589D603DA}.TST|Any CPU.Build.0 = Release|Any CPU
		{151601E7-810A-4BAF-8D96-1DC589D603DA}.TST1|Any CPU.ActiveCfg = TST1|Any CPU
		{151601E7-810A-4BAF-8D96-1DC589D603DA}.TST1|Any CPU.Build.0 = TST1|Any CPU
		{D126F979-3E89-4A0F-AD21-9ED5C99C8AC2}.Debug|Any CPU.ActiveCfg = Debug|Any CPU
		{D126F979-3E89-4A0F-AD21-9ED5C99C8AC2}.Debug|Any CPU.Build.0 = Debug|Any CPU
		{D126F979-3E89-4A0F-AD21-9ED5C99C8AC2}.DEV|Any CPU.ActiveCfg = Release|Any CPU
		{D126F979-3E89-4A0F-AD21-9ED5C99C8AC2}.DEV|Any CPU.Build.0 = Release|Any CPU
		{D126F979-3E89-4A0F-AD21-9ED5C99C8AC2}.PRD|Any CPU.ActiveCfg = Release|Any CPU
		{D126F979-3E89-4A0F-AD21-9ED5C99C8AC2}.PRD|Any CPU.Build.0 = Release|Any CPU
		{D126F979-3E89-4A0F-AD21-9ED5C99C8AC2}.Release|Any CPU.ActiveCfg = Release|Any CPU
		{D126F979-3E89-4A0F-AD21-9ED5C99C8AC2}.Release|Any CPU.Build.0 = Release|Any CPU
		{D126F979-3E89-4A0F-AD21-9ED5C99C8AC2}.TST|Any CPU.ActiveCfg = Release|Any CPU
		{D126F979-3E89-4A0F-AD21-9ED5C99C8AC2}.TST|Any CPU.Build.0 = Release|Any CPU
		{D126F979-3E89-4A0F-AD21-9ED5C99C8AC2}.TST1|Any CPU.ActiveCfg = TST1|Any CPU
		{D126F979-3E89-4A0F-AD21-9ED5C99C8AC2}.TST1|Any CPU.Build.0 = TST1|Any CPU
		{98890FF2-0995-4F5C-9073-500690342BC8}.Debug|Any CPU.ActiveCfg = Debug|Any CPU
		{98890FF2-0995-4F5C-9073-500690342BC8}.Debug|Any CPU.Build.0 = Debug|Any CPU
		{98890FF2-0995-4F5C-9073-500690342BC8}.DEV|Any CPU.ActiveCfg = Release|Any CPU
		{98890FF2-0995-4F5C-9073-500690342BC8}.DEV|Any CPU.Build.0 = Release|Any CPU
		{98890FF2-0995-4F5C-9073-500690342BC8}.PRD|Any CPU.ActiveCfg = Release|Any CPU
		{98890FF2-0995-4F5C-9073-500690342BC8}.PRD|Any CPU.Build.0 = Release|Any CPU
		{98890FF2-0995-4F5C-9073-500690342BC8}.Release|Any CPU.ActiveCfg = Release|Any CPU
		{98890FF2-0995-4F5C-9073-500690342BC8}.Release|Any CPU.Build.0 = Release|Any CPU
		{98890FF2-0995-4F5C-9073-500690342BC8}.TST|Any CPU.ActiveCfg = Release|Any CPU
		{98890FF2-0995-4F5C-9073-500690342BC8}.TST|Any CPU.Build.0 = Release|Any CPU
		{98890FF2-0995-4F5C-9073-500690342BC8}.TST1|Any CPU.ActiveCfg = TST1|Any CPU
		{98890FF2-0995-4F5C-9073-500690342BC8}.TST1|Any CPU.Build.0 = TST1|Any CPU
		{E5AA6562-F64B-4A38-92C2-A8B9D0D47C10}.Debug|Any CPU.ActiveCfg = Debug|Any CPU
		{E5AA6562-F64B-4A38-92C2-A8B9D0D47C10}.Debug|Any CPU.Build.0 = Debug|Any CPU
		{E5AA6562-F64B-4A38-92C2-A8B9D0D47C10}.DEV|Any CPU.ActiveCfg = Release|Any CPU
		{E5AA6562-F64B-4A38-92C2-A8B9D0D47C10}.DEV|Any CPU.Build.0 = Release|Any CPU
		{E5AA6562-F64B-4A38-92C2-A8B9D0D47C10}.PRD|Any CPU.ActiveCfg = Release|Any CPU
		{E5AA6562-F64B-4A38-92C2-A8B9D0D47C10}.PRD|Any CPU.Build.0 = Release|Any CPU
		{E5AA6562-F64B-4A38-92C2-A8B9D0D47C10}.Release|Any CPU.ActiveCfg = Release|Any CPU
		{E5AA6562-F64B-4A38-92C2-A8B9D0D47C10}.Release|Any CPU.Build.0 = Release|Any CPU
		{E5AA6562-F64B-4A38-92C2-A8B9D0D47C10}.TST|Any CPU.ActiveCfg = Release|Any CPU
		{E5AA6562-F64B-4A38-92C2-A8B9D0D47C10}.TST|Any CPU.Build.0 = Release|Any CPU
		{E5AA6562-F64B-4A38-92C2-A8B9D0D47C10}.TST1|Any CPU.ActiveCfg = TST1|Any CPU
		{E5AA6562-F64B-4A38-92C2-A8B9D0D47C10}.TST1|Any CPU.Build.0 = TST1|Any CPU
		{BDB91387-C3FF-41ED-86B3-0620C6D61AD7}.Debug|Any CPU.ActiveCfg = Debug|Any CPU
		{BDB91387-C3FF-41ED-86B3-0620C6D61AD7}.Debug|Any CPU.Build.0 = Debug|Any CPU
		{BDB91387-C3FF-41ED-86B3-0620C6D61AD7}.DEV|Any CPU.ActiveCfg = Release|Any CPU
		{BDB91387-C3FF-41ED-86B3-0620C6D61AD7}.DEV|Any CPU.Build.0 = Release|Any CPU
		{BDB91387-C3FF-41ED-86B3-0620C6D61AD7}.PRD|Any CPU.ActiveCfg = Release|Any CPU
		{BDB91387-C3FF-41ED-86B3-0620C6D61AD7}.PRD|Any CPU.Build.0 = Release|Any CPU
		{BDB91387-C3FF-41ED-86B3-0620C6D61AD7}.Release|Any CPU.ActiveCfg = Release|Any CPU
		{BDB91387-C3FF-41ED-86B3-0620C6D61AD7}.Release|Any CPU.Build.0 = Release|Any CPU
		{BDB91387-C3FF-41ED-86B3-0620C6D61AD7}.TST|Any CPU.ActiveCfg = Release|Any CPU
		{BDB91387-C3FF-41ED-86B3-0620C6D61AD7}.TST|Any CPU.Build.0 = Release|Any CPU
		{BDB91387-C3FF-41ED-86B3-0620C6D61AD7}.TST1|Any CPU.ActiveCfg = TST1|Any CPU
		{BDB91387-C3FF-41ED-86B3-0620C6D61AD7}.TST1|Any CPU.Build.0 = TST1|Any CPU
		{386329D8-725F-4518-BFF8-496246552261}.Debug|Any CPU.ActiveCfg = Debug|Any CPU
		{386329D8-725F-4518-BFF8-496246552261}.Debug|Any CPU.Build.0 = Debug|Any CPU
		{386329D8-725F-4518-BFF8-496246552261}.DEV|Any CPU.ActiveCfg = Release|Any CPU
		{386329D8-725F-4518-BFF8-496246552261}.DEV|Any CPU.Build.0 = Release|Any CPU
		{386329D8-725F-4518-BFF8-496246552261}.PRD|Any CPU.ActiveCfg = Release|Any CPU
		{386329D8-725F-4518-BFF8-496246552261}.PRD|Any CPU.Build.0 = Release|Any CPU
		{386329D8-725F-4518-BFF8-496246552261}.Release|Any CPU.ActiveCfg = Release|Any CPU
		{386329D8-725F-4518-BFF8-496246552261}.Release|Any CPU.Build.0 = Release|Any CPU
		{386329D8-725F-4518-BFF8-496246552261}.TST|Any CPU.ActiveCfg = Release|Any CPU
		{386329D8-725F-4518-BFF8-496246552261}.TST|Any CPU.Build.0 = Release|Any CPU
		{386329D8-725F-4518-BFF8-496246552261}.TST1|Any CPU.ActiveCfg = TST1|Any CPU
		{386329D8-725F-4518-BFF8-496246552261}.TST1|Any CPU.Build.0 = TST1|Any CPU
		{D271F881-E1C6-47FF-B2F6-2805B6F23389}.Debug|Any CPU.ActiveCfg = Debug|Any CPU
		{D271F881-E1C6-47FF-B2F6-2805B6F23389}.Debug|Any CPU.Build.0 = Debug|Any CPU
		{D271F881-E1C6-47FF-B2F6-2805B6F23389}.DEV|Any CPU.ActiveCfg = Release|Any CPU
		{D271F881-E1C6-47FF-B2F6-2805B6F23389}.DEV|Any CPU.Build.0 = Release|Any CPU
		{D271F881-E1C6-47FF-B2F6-2805B6F23389}.PRD|Any CPU.ActiveCfg = Release|Any CPU
		{D271F881-E1C6-47FF-B2F6-2805B6F23389}.PRD|Any CPU.Build.0 = Release|Any CPU
		{D271F881-E1C6-47FF-B2F6-2805B6F23389}.Release|Any CPU.ActiveCfg = Release|Any CPU
		{D271F881-E1C6-47FF-B2F6-2805B6F23389}.Release|Any CPU.Build.0 = Release|Any CPU
		{D271F881-E1C6-47FF-B2F6-2805B6F23389}.TST|Any CPU.ActiveCfg = Release|Any CPU
		{D271F881-E1C6-47FF-B2F6-2805B6F23389}.TST|Any CPU.Build.0 = Release|Any CPU
		{D271F881-E1C6-47FF-B2F6-2805B6F23389}.TST1|Any CPU.ActiveCfg = TST1|Any CPU
		{D271F881-E1C6-47FF-B2F6-2805B6F23389}.TST1|Any CPU.Build.0 = TST1|Any CPU
		{DFD95AD4-01A4-4932-BA10-6B1A24A17072}.Debug|Any CPU.ActiveCfg = Debug|Any CPU
		{DFD95AD4-01A4-4932-BA10-6B1A24A17072}.Debug|Any CPU.Build.0 = Debug|Any CPU
		{DFD95AD4-01A4-4932-BA10-6B1A24A17072}.DEV|Any CPU.ActiveCfg = Release|Any CPU
		{DFD95AD4-01A4-4932-BA10-6B1A24A17072}.DEV|Any CPU.Build.0 = Release|Any CPU
		{DFD95AD4-01A4-4932-BA10-6B1A24A17072}.PRD|Any CPU.ActiveCfg = Release|Any CPU
		{DFD95AD4-01A4-4932-BA10-6B1A24A17072}.PRD|Any CPU.Build.0 = Release|Any CPU
		{DFD95AD4-01A4-4932-BA10-6B1A24A17072}.Release|Any CPU.ActiveCfg = Release|Any CPU
		{DFD95AD4-01A4-4932-BA10-6B1A24A17072}.Release|Any CPU.Build.0 = Release|Any CPU
		{DFD95AD4-01A4-4932-BA10-6B1A24A17072}.TST|Any CPU.ActiveCfg = Release|Any CPU
		{DFD95AD4-01A4-4932-BA10-6B1A24A17072}.TST|Any CPU.Build.0 = Release|Any CPU
		{DFD95AD4-01A4-4932-BA10-6B1A24A17072}.TST1|Any CPU.ActiveCfg = TST1|Any CPU
		{DFD95AD4-01A4-4932-BA10-6B1A24A17072}.TST1|Any CPU.Build.0 = TST1|Any CPU
		{67D93016-602C-462B-BE46-9FDFA9ED2566}.Debug|Any CPU.ActiveCfg = Debug|Any CPU
		{67D93016-602C-462B-BE46-9FDFA9ED2566}.Debug|Any CPU.Build.0 = Debug|Any CPU
		{67D93016-602C-462B-BE46-9FDFA9ED2566}.DEV|Any CPU.ActiveCfg = Release|Any CPU
		{67D93016-602C-462B-BE46-9FDFA9ED2566}.DEV|Any CPU.Build.0 = Release|Any CPU
		{67D93016-602C-462B-BE46-9FDFA9ED2566}.PRD|Any CPU.ActiveCfg = Release|Any CPU
		{67D93016-602C-462B-BE46-9FDFA9ED2566}.PRD|Any CPU.Build.0 = Release|Any CPU
		{67D93016-602C-462B-BE46-9FDFA9ED2566}.Release|Any CPU.ActiveCfg = Release|Any CPU
		{67D93016-602C-462B-BE46-9FDFA9ED2566}.Release|Any CPU.Build.0 = Release|Any CPU
		{67D93016-602C-462B-BE46-9FDFA9ED2566}.TST|Any CPU.ActiveCfg = Release|Any CPU
		{67D93016-602C-462B-BE46-9FDFA9ED2566}.TST|Any CPU.Build.0 = Release|Any CPU
		{67D93016-602C-462B-BE46-9FDFA9ED2566}.TST1|Any CPU.ActiveCfg = TST1|Any CPU
		{67D93016-602C-462B-BE46-9FDFA9ED2566}.TST1|Any CPU.Build.0 = TST1|Any CPU
		{19243B19-DEC2-49C1-83A1-C1BFC861C9E3}.Debug|Any CPU.ActiveCfg = Debug|Any CPU
		{19243B19-DEC2-49C1-83A1-C1BFC861C9E3}.Debug|Any CPU.Build.0 = Debug|Any CPU
		{19243B19-DEC2-49C1-83A1-C1BFC861C9E3}.DEV|Any CPU.ActiveCfg = Release|Any CPU
		{19243B19-DEC2-49C1-83A1-C1BFC861C9E3}.DEV|Any CPU.Build.0 = Release|Any CPU
		{19243B19-DEC2-49C1-83A1-C1BFC861C9E3}.PRD|Any CPU.ActiveCfg = Release|Any CPU
		{19243B19-DEC2-49C1-83A1-C1BFC861C9E3}.PRD|Any CPU.Build.0 = Release|Any CPU
		{19243B19-DEC2-49C1-83A1-C1BFC861C9E3}.Release|Any CPU.ActiveCfg = Release|Any CPU
		{19243B19-DEC2-49C1-83A1-C1BFC861C9E3}.Release|Any CPU.Build.0 = Release|Any CPU
		{19243B19-DEC2-49C1-83A1-C1BFC861C9E3}.TST|Any CPU.ActiveCfg = Release|Any CPU
		{19243B19-DEC2-49C1-83A1-C1BFC861C9E3}.TST|Any CPU.Build.0 = Release|Any CPU
		{19243B19-DEC2-49C1-83A1-C1BFC861C9E3}.TST1|Any CPU.ActiveCfg = TST1|Any CPU
		{19243B19-DEC2-49C1-83A1-C1BFC861C9E3}.TST1|Any CPU.Build.0 = TST1|Any CPU
		{400BB22A-8C66-4ADA-8EAA-C499FFF66F4D}.Debug|Any CPU.ActiveCfg = Debug|Any CPU
		{400BB22A-8C66-4ADA-8EAA-C499FFF66F4D}.Debug|Any CPU.Build.0 = Debug|Any CPU
		{400BB22A-8C66-4ADA-8EAA-C499FFF66F4D}.DEV|Any CPU.ActiveCfg = Release|Any CPU
		{400BB22A-8C66-4ADA-8EAA-C499FFF66F4D}.DEV|Any CPU.Build.0 = Release|Any CPU
		{400BB22A-8C66-4ADA-8EAA-C499FFF66F4D}.PRD|Any CPU.ActiveCfg = Release|Any CPU
		{400BB22A-8C66-4ADA-8EAA-C499FFF66F4D}.PRD|Any CPU.Build.0 = Release|Any CPU
		{400BB22A-8C66-4ADA-8EAA-C499FFF66F4D}.Release|Any CPU.ActiveCfg = Release|Any CPU
		{400BB22A-8C66-4ADA-8EAA-C499FFF66F4D}.Release|Any CPU.Build.0 = Release|Any CPU
		{400BB22A-8C66-4ADA-8EAA-C499FFF66F4D}.TST|Any CPU.ActiveCfg = Release|Any CPU
		{400BB22A-8C66-4ADA-8EAA-C499FFF66F4D}.TST|Any CPU.Build.0 = Release|Any CPU
		{400BB22A-8C66-4ADA-8EAA-C499FFF66F4D}.TST1|Any CPU.ActiveCfg = TST1|Any CPU
		{400BB22A-8C66-4ADA-8EAA-C499FFF66F4D}.TST1|Any CPU.Build.0 = TST1|Any CPU
		{4B1DEACB-4EAA-4B39-9D72-D62F56D4B5F8}.Debug|Any CPU.ActiveCfg = Debug|Any CPU
		{4B1DEACB-4EAA-4B39-9D72-D62F56D4B5F8}.Debug|Any CPU.Build.0 = Debug|Any CPU
		{4B1DEACB-4EAA-4B39-9D72-D62F56D4B5F8}.DEV|Any CPU.ActiveCfg = Release|Any CPU
		{4B1DEACB-4EAA-4B39-9D72-D62F56D4B5F8}.DEV|Any CPU.Build.0 = Release|Any CPU
		{4B1DEACB-4EAA-4B39-9D72-D62F56D4B5F8}.PRD|Any CPU.ActiveCfg = Release|Any CPU
		{4B1DEACB-4EAA-4B39-9D72-D62F56D4B5F8}.PRD|Any CPU.Build.0 = Release|Any CPU
		{4B1DEACB-4EAA-4B39-9D72-D62F56D4B5F8}.Release|Any CPU.ActiveCfg = Release|Any CPU
		{4B1DEACB-4EAA-4B39-9D72-D62F56D4B5F8}.Release|Any CPU.Build.0 = Release|Any CPU
		{4B1DEACB-4EAA-4B39-9D72-D62F56D4B5F8}.TST|Any CPU.ActiveCfg = Release|Any CPU
		{4B1DEACB-4EAA-4B39-9D72-D62F56D4B5F8}.TST|Any CPU.Build.0 = Release|Any CPU
		{4B1DEACB-4EAA-4B39-9D72-D62F56D4B5F8}.TST1|Any CPU.ActiveCfg = TST1|Any CPU
		{4B1DEACB-4EAA-4B39-9D72-D62F56D4B5F8}.TST1|Any CPU.Build.0 = TST1|Any CPU
		{98EC024C-6439-44B1-8B1E-29E457B2201F}.Debug|Any CPU.ActiveCfg = Debug|Any CPU
		{98EC024C-6439-44B1-8B1E-29E457B2201F}.Debug|Any CPU.Build.0 = Debug|Any CPU
		{98EC024C-6439-44B1-8B1E-29E457B2201F}.DEV|Any CPU.ActiveCfg = Release|Any CPU
		{98EC024C-6439-44B1-8B1E-29E457B2201F}.DEV|Any CPU.Build.0 = Release|Any CPU
		{98EC024C-6439-44B1-8B1E-29E457B2201F}.PRD|Any CPU.ActiveCfg = Release|Any CPU
		{98EC024C-6439-44B1-8B1E-29E457B2201F}.PRD|Any CPU.Build.0 = Release|Any CPU
		{98EC024C-6439-44B1-8B1E-29E457B2201F}.Release|Any CPU.ActiveCfg = Release|Any CPU
		{98EC024C-6439-44B1-8B1E-29E457B2201F}.Release|Any CPU.Build.0 = Release|Any CPU
		{98EC024C-6439-44B1-8B1E-29E457B2201F}.TST|Any CPU.ActiveCfg = Release|Any CPU
		{98EC024C-6439-44B1-8B1E-29E457B2201F}.TST|Any CPU.Build.0 = Release|Any CPU
		{98EC024C-6439-44B1-8B1E-29E457B2201F}.TST1|Any CPU.ActiveCfg = TST1|Any CPU
		{98EC024C-6439-44B1-8B1E-29E457B2201F}.TST1|Any CPU.Build.0 = TST1|Any CPU
		{089DA187-7317-4A54-80B3-FC0687229C60}.Debug|Any CPU.ActiveCfg = Debug|Any CPU
		{089DA187-7317-4A54-80B3-FC0687229C60}.Debug|Any CPU.Build.0 = Debug|Any CPU
		{089DA187-7317-4A54-80B3-FC0687229C60}.DEV|Any CPU.ActiveCfg = Release|Any CPU
		{089DA187-7317-4A54-80B3-FC0687229C60}.DEV|Any CPU.Build.0 = Release|Any CPU
		{089DA187-7317-4A54-80B3-FC0687229C60}.PRD|Any CPU.ActiveCfg = Release|Any CPU
		{089DA187-7317-4A54-80B3-FC0687229C60}.PRD|Any CPU.Build.0 = Release|Any CPU
		{089DA187-7317-4A54-80B3-FC0687229C60}.Release|Any CPU.ActiveCfg = Release|Any CPU
		{089DA187-7317-4A54-80B3-FC0687229C60}.Release|Any CPU.Build.0 = Release|Any CPU
		{089DA187-7317-4A54-80B3-FC0687229C60}.TST|Any CPU.ActiveCfg = Release|Any CPU
		{089DA187-7317-4A54-80B3-FC0687229C60}.TST|Any CPU.Build.0 = Release|Any CPU
		{089DA187-7317-4A54-80B3-FC0687229C60}.TST1|Any CPU.ActiveCfg = TST1|Any CPU
		{089DA187-7317-4A54-80B3-FC0687229C60}.TST1|Any CPU.Build.0 = TST1|Any CPU
		{6BFC96B8-A443-4A99-A0FF-212DF29E9323}.Debug|Any CPU.ActiveCfg = Debug|Any CPU
		{6BFC96B8-A443-4A99-A0FF-212DF29E9323}.Debug|Any CPU.Build.0 = Debug|Any CPU
		{6BFC96B8-A443-4A99-A0FF-212DF29E9323}.DEV|Any CPU.ActiveCfg = Release|Any CPU
		{6BFC96B8-A443-4A99-A0FF-212DF29E9323}.DEV|Any CPU.Build.0 = Release|Any CPU
		{6BFC96B8-A443-4A99-A0FF-212DF29E9323}.PRD|Any CPU.ActiveCfg = Release|Any CPU
		{6BFC96B8-A443-4A99-A0FF-212DF29E9323}.PRD|Any CPU.Build.0 = Release|Any CPU
		{6BFC96B8-A443-4A99-A0FF-212DF29E9323}.Release|Any CPU.ActiveCfg = Release|Any CPU
		{6BFC96B8-A443-4A99-A0FF-212DF29E9323}.Release|Any CPU.Build.0 = Release|Any CPU
		{6BFC96B8-A443-4A99-A0FF-212DF29E9323}.TST|Any CPU.ActiveCfg = Release|Any CPU
		{6BFC96B8-A443-4A99-A0FF-212DF29E9323}.TST|Any CPU.Build.0 = Release|Any CPU
		{6BFC96B8-A443-4A99-A0FF-212DF29E9323}.TST1|Any CPU.ActiveCfg = TST1|Any CPU
		{6BFC96B8-A443-4A99-A0FF-212DF29E9323}.TST1|Any CPU.Build.0 = TST1|Any CPU
		{6A0EC1BE-8308-4310-83E3-7F8434AB3685}.Debug|Any CPU.ActiveCfg = Debug|Any CPU
		{6A0EC1BE-8308-4310-83E3-7F8434AB3685}.Debug|Any CPU.Build.0 = Debug|Any CPU
		{6A0EC1BE-8308-4310-83E3-7F8434AB3685}.DEV|Any CPU.ActiveCfg = Release|Any CPU
		{6A0EC1BE-8308-4310-83E3-7F8434AB3685}.DEV|Any CPU.Build.0 = Release|Any CPU
		{6A0EC1BE-8308-4310-83E3-7F8434AB3685}.PRD|Any CPU.ActiveCfg = Release|Any CPU
		{6A0EC1BE-8308-4310-83E3-7F8434AB3685}.PRD|Any CPU.Build.0 = Release|Any CPU
		{6A0EC1BE-8308-4310-83E3-7F8434AB3685}.Release|Any CPU.ActiveCfg = Release|Any CPU
		{6A0EC1BE-8308-4310-83E3-7F8434AB3685}.Release|Any CPU.Build.0 = Release|Any CPU
		{6A0EC1BE-8308-4310-83E3-7F8434AB3685}.TST|Any CPU.ActiveCfg = Release|Any CPU
		{6A0EC1BE-8308-4310-83E3-7F8434AB3685}.TST|Any CPU.Build.0 = Release|Any CPU
		{6A0EC1BE-8308-4310-83E3-7F8434AB3685}.TST1|Any CPU.ActiveCfg = TST1|Any CPU
		{6A0EC1BE-8308-4310-83E3-7F8434AB3685}.TST1|Any CPU.Build.0 = TST1|Any CPU
		{6A5BD8FD-1A0E-4B8E-88CD-88AEFE228DBB}.Debug|Any CPU.ActiveCfg = Debug|Any CPU
		{6A5BD8FD-1A0E-4B8E-88CD-88AEFE228DBB}.Debug|Any CPU.Build.0 = Debug|Any CPU
		{6A5BD8FD-1A0E-4B8E-88CD-88AEFE228DBB}.DEV|Any CPU.ActiveCfg = Release|Any CPU
		{6A5BD8FD-1A0E-4B8E-88CD-88AEFE228DBB}.DEV|Any CPU.Build.0 = Release|Any CPU
		{6A5BD8FD-1A0E-4B8E-88CD-88AEFE228DBB}.PRD|Any CPU.ActiveCfg = Release|Any CPU
		{6A5BD8FD-1A0E-4B8E-88CD-88AEFE228DBB}.PRD|Any CPU.Build.0 = Release|Any CPU
		{6A5BD8FD-1A0E-4B8E-88CD-88AEFE228DBB}.Release|Any CPU.ActiveCfg = Release|Any CPU
		{6A5BD8FD-1A0E-4B8E-88CD-88AEFE228DBB}.Release|Any CPU.Build.0 = Release|Any CPU
		{6A5BD8FD-1A0E-4B8E-88CD-88AEFE228DBB}.TST|Any CPU.ActiveCfg = Release|Any CPU
		{6A5BD8FD-1A0E-4B8E-88CD-88AEFE228DBB}.TST|Any CPU.Build.0 = Release|Any CPU
		{6A5BD8FD-1A0E-4B8E-88CD-88AEFE228DBB}.TST1|Any CPU.ActiveCfg = TST1|Any CPU
		{6A5BD8FD-1A0E-4B8E-88CD-88AEFE228DBB}.TST1|Any CPU.Build.0 = TST1|Any CPU
		{367772AE-70EC-4865-B296-9A72D8062E80}.Debug|Any CPU.ActiveCfg = Debug|Any CPU
		{367772AE-70EC-4865-B296-9A72D8062E80}.Debug|Any CPU.Build.0 = Debug|Any CPU
		{367772AE-70EC-4865-B296-9A72D8062E80}.DEV|Any CPU.ActiveCfg = Release|Any CPU
		{367772AE-70EC-4865-B296-9A72D8062E80}.DEV|Any CPU.Build.0 = Release|Any CPU
		{367772AE-70EC-4865-B296-9A72D8062E80}.PRD|Any CPU.ActiveCfg = Release|Any CPU
		{367772AE-70EC-4865-B296-9A72D8062E80}.PRD|Any CPU.Build.0 = Release|Any CPU
		{367772AE-70EC-4865-B296-9A72D8062E80}.Release|Any CPU.ActiveCfg = Release|Any CPU
		{367772AE-70EC-4865-B296-9A72D8062E80}.Release|Any CPU.Build.0 = Release|Any CPU
		{367772AE-70EC-4865-B296-9A72D8062E80}.TST|Any CPU.ActiveCfg = Release|Any CPU
		{367772AE-70EC-4865-B296-9A72D8062E80}.TST|Any CPU.Build.0 = Release|Any CPU
		{367772AE-70EC-4865-B296-9A72D8062E80}.TST1|Any CPU.ActiveCfg = TST1|Any CPU
		{367772AE-70EC-4865-B296-9A72D8062E80}.TST1|Any CPU.Build.0 = TST1|Any CPU
		{87185044-7F89-443C-BBFD-B97BB24379B0}.Debug|Any CPU.ActiveCfg = Debug|Any CPU
		{87185044-7F89-443C-BBFD-B97BB24379B0}.Debug|Any CPU.Build.0 = Debug|Any CPU
		{87185044-7F89-443C-BBFD-B97BB24379B0}.DEV|Any CPU.ActiveCfg = Release|Any CPU
		{87185044-7F89-443C-BBFD-B97BB24379B0}.DEV|Any CPU.Build.0 = Release|Any CPU
		{87185044-7F89-443C-BBFD-B97BB24379B0}.PRD|Any CPU.ActiveCfg = Release|Any CPU
		{87185044-7F89-443C-BBFD-B97BB24379B0}.PRD|Any CPU.Build.0 = Release|Any CPU
		{87185044-7F89-443C-BBFD-B97BB24379B0}.Release|Any CPU.ActiveCfg = Release|Any CPU
		{87185044-7F89-443C-BBFD-B97BB24379B0}.Release|Any CPU.Build.0 = Release|Any CPU
		{87185044-7F89-443C-BBFD-B97BB24379B0}.TST|Any CPU.ActiveCfg = Release|Any CPU
		{87185044-7F89-443C-BBFD-B97BB24379B0}.TST|Any CPU.Build.0 = Release|Any CPU
		{87185044-7F89-443C-BBFD-B97BB24379B0}.TST1|Any CPU.ActiveCfg = TST1|Any CPU
		{87185044-7F89-443C-BBFD-B97BB24379B0}.TST1|Any CPU.Build.0 = TST1|Any CPU
		{3AFAB82D-059D-4173-95C3-428B465FE43C}.Debug|Any CPU.ActiveCfg = Debug|Any CPU
		{3AFAB82D-059D-4173-95C3-428B465FE43C}.Debug|Any CPU.Build.0 = Debug|Any CPU
		{3AFAB82D-059D-4173-95C3-428B465FE43C}.DEV|Any CPU.ActiveCfg = Release|Any CPU
		{3AFAB82D-059D-4173-95C3-428B465FE43C}.DEV|Any CPU.Build.0 = Release|Any CPU
		{3AFAB82D-059D-4173-95C3-428B465FE43C}.PRD|Any CPU.ActiveCfg = Release|Any CPU
		{3AFAB82D-059D-4173-95C3-428B465FE43C}.PRD|Any CPU.Build.0 = Release|Any CPU
		{3AFAB82D-059D-4173-95C3-428B465FE43C}.Release|Any CPU.ActiveCfg = Release|Any CPU
		{3AFAB82D-059D-4173-95C3-428B465FE43C}.Release|Any CPU.Build.0 = Release|Any CPU
		{3AFAB82D-059D-4173-95C3-428B465FE43C}.TST|Any CPU.ActiveCfg = Release|Any CPU
		{3AFAB82D-059D-4173-95C3-428B465FE43C}.TST|Any CPU.Build.0 = Release|Any CPU
		{3AFAB82D-059D-4173-95C3-428B465FE43C}.TST1|Any CPU.ActiveCfg = TST1|Any CPU
		{3AFAB82D-059D-4173-95C3-428B465FE43C}.TST1|Any CPU.Build.0 = TST1|Any CPU
		{AC7BED6A-2890-48D1-B1E3-C746053CD4DB}.Debug|Any CPU.ActiveCfg = Debug|Any CPU
		{AC7BED6A-2890-48D1-B1E3-C746053CD4DB}.Debug|Any CPU.Build.0 = Debug|Any CPU
		{AC7BED6A-2890-48D1-B1E3-C746053CD4DB}.DEV|Any CPU.ActiveCfg = Release|Any CPU
		{AC7BED6A-2890-48D1-B1E3-C746053CD4DB}.DEV|Any CPU.Build.0 = Release|Any CPU
		{AC7BED6A-2890-48D1-B1E3-C746053CD4DB}.PRD|Any CPU.ActiveCfg = Release|Any CPU
		{AC7BED6A-2890-48D1-B1E3-C746053CD4DB}.PRD|Any CPU.Build.0 = Release|Any CPU
		{AC7BED6A-2890-48D1-B1E3-C746053CD4DB}.Release|Any CPU.ActiveCfg = Release|Any CPU
		{AC7BED6A-2890-48D1-B1E3-C746053CD4DB}.Release|Any CPU.Build.0 = Release|Any CPU
		{AC7BED6A-2890-48D1-B1E3-C746053CD4DB}.TST|Any CPU.ActiveCfg = Release|Any CPU
		{AC7BED6A-2890-48D1-B1E3-C746053CD4DB}.TST|Any CPU.Build.0 = Release|Any CPU
		{AC7BED6A-2890-48D1-B1E3-C746053CD4DB}.TST1|Any CPU.ActiveCfg = TST1|Any CPU
		{AC7BED6A-2890-48D1-B1E3-C746053CD4DB}.TST1|Any CPU.Build.0 = TST1|Any CPU
		{6120EDD0-2328-4742-AD76-82FB255065C4}.Debug|Any CPU.ActiveCfg = Debug|Any CPU
		{6120EDD0-2328-4742-AD76-82FB255065C4}.Debug|Any CPU.Build.0 = Debug|Any CPU
		{6120EDD0-2328-4742-AD76-82FB255065C4}.DEV|Any CPU.ActiveCfg = Release|Any CPU
		{6120EDD0-2328-4742-AD76-82FB255065C4}.DEV|Any CPU.Build.0 = Release|Any CPU
		{6120EDD0-2328-4742-AD76-82FB255065C4}.PRD|Any CPU.ActiveCfg = Release|Any CPU
		{6120EDD0-2328-4742-AD76-82FB255065C4}.PRD|Any CPU.Build.0 = Release|Any CPU
		{6120EDD0-2328-4742-AD76-82FB255065C4}.Release|Any CPU.ActiveCfg = Release|Any CPU
		{6120EDD0-2328-4742-AD76-82FB255065C4}.Release|Any CPU.Build.0 = Release|Any CPU
		{6120EDD0-2328-4742-AD76-82FB255065C4}.TST|Any CPU.ActiveCfg = Release|Any CPU
		{6120EDD0-2328-4742-AD76-82FB255065C4}.TST|Any CPU.Build.0 = Release|Any CPU
		{6120EDD0-2328-4742-AD76-82FB255065C4}.TST1|Any CPU.ActiveCfg = TST1|Any CPU
		{6120EDD0-2328-4742-AD76-82FB255065C4}.TST1|Any CPU.Build.0 = TST1|Any CPU
		{B4797CE1-678F-4F83-9C3D-060F3BDD6460}.Debug|Any CPU.ActiveCfg = Debug|Any CPU
		{B4797CE1-678F-4F83-9C3D-060F3BDD6460}.Debug|Any CPU.Build.0 = Debug|Any CPU
		{B4797CE1-678F-4F83-9C3D-060F3BDD6460}.DEV|Any CPU.ActiveCfg = Release|Any CPU
		{B4797CE1-678F-4F83-9C3D-060F3BDD6460}.DEV|Any CPU.Build.0 = Release|Any CPU
		{B4797CE1-678F-4F83-9C3D-060F3BDD6460}.PRD|Any CPU.ActiveCfg = Release|Any CPU
		{B4797CE1-678F-4F83-9C3D-060F3BDD6460}.PRD|Any CPU.Build.0 = Release|Any CPU
		{B4797CE1-678F-4F83-9C3D-060F3BDD6460}.Release|Any CPU.ActiveCfg = Release|Any CPU
		{B4797CE1-678F-4F83-9C3D-060F3BDD6460}.Release|Any CPU.Build.0 = Release|Any CPU
		{B4797CE1-678F-4F83-9C3D-060F3BDD6460}.TST|Any CPU.ActiveCfg = Release|Any CPU
		{B4797CE1-678F-4F83-9C3D-060F3BDD6460}.TST|Any CPU.Build.0 = Release|Any CPU
		{B4797CE1-678F-4F83-9C3D-060F3BDD6460}.TST1|Any CPU.ActiveCfg = TST1|Any CPU
		{B4797CE1-678F-4F83-9C3D-060F3BDD6460}.TST1|Any CPU.Build.0 = TST1|Any CPU
		{D42CE420-D856-40A5-99E8-5FA15D866779}.Debug|Any CPU.ActiveCfg = Debug|Any CPU
		{D42CE420-D856-40A5-99E8-5FA15D866779}.Debug|Any CPU.Build.0 = Debug|Any CPU
		{D42CE420-D856-40A5-99E8-5FA15D866779}.DEV|Any CPU.ActiveCfg = Release|Any CPU
		{D42CE420-D856-40A5-99E8-5FA15D866779}.DEV|Any CPU.Build.0 = Release|Any CPU
		{D42CE420-D856-40A5-99E8-5FA15D866779}.PRD|Any CPU.ActiveCfg = Release|Any CPU
		{D42CE420-D856-40A5-99E8-5FA15D866779}.PRD|Any CPU.Build.0 = Release|Any CPU
		{D42CE420-D856-40A5-99E8-5FA15D866779}.Release|Any CPU.ActiveCfg = Release|Any CPU
		{D42CE420-D856-40A5-99E8-5FA15D866779}.Release|Any CPU.Build.0 = Release|Any CPU
		{D42CE420-D856-40A5-99E8-5FA15D866779}.TST|Any CPU.ActiveCfg = Release|Any CPU
		{D42CE420-D856-40A5-99E8-5FA15D866779}.TST|Any CPU.Build.0 = Release|Any CPU
		{D42CE420-D856-40A5-99E8-5FA15D866779}.TST1|Any CPU.ActiveCfg = TST1|Any CPU
		{D42CE420-D856-40A5-99E8-5FA15D866779}.TST1|Any CPU.Build.0 = TST1|Any CPU
		{98504052-EF0B-44C3-BF02-0B5C9D56C363}.Debug|Any CPU.ActiveCfg = Debug|Any CPU
		{98504052-EF0B-44C3-BF02-0B5C9D56C363}.Debug|Any CPU.Build.0 = Debug|Any CPU
		{98504052-EF0B-44C3-BF02-0B5C9D56C363}.DEV|Any CPU.ActiveCfg = Release|Any CPU
		{98504052-EF0B-44C3-BF02-0B5C9D56C363}.DEV|Any CPU.Build.0 = Release|Any CPU
		{98504052-EF0B-44C3-BF02-0B5C9D56C363}.PRD|Any CPU.ActiveCfg = Release|Any CPU
		{98504052-EF0B-44C3-BF02-0B5C9D56C363}.PRD|Any CPU.Build.0 = Release|Any CPU
		{98504052-EF0B-44C3-BF02-0B5C9D56C363}.Release|Any CPU.ActiveCfg = Release|Any CPU
		{98504052-EF0B-44C3-BF02-0B5C9D56C363}.Release|Any CPU.Build.0 = Release|Any CPU
		{98504052-EF0B-44C3-BF02-0B5C9D56C363}.TST|Any CPU.ActiveCfg = Release|Any CPU
		{98504052-EF0B-44C3-BF02-0B5C9D56C363}.TST|Any CPU.Build.0 = Release|Any CPU
		{98504052-EF0B-44C3-BF02-0B5C9D56C363}.TST1|Any CPU.ActiveCfg = TST1|Any CPU
		{98504052-EF0B-44C3-BF02-0B5C9D56C363}.TST1|Any CPU.Build.0 = TST1|Any CPU
		{ADBE11C3-185B-4E64-9F4D-ACFA57938EC3}.Debug|Any CPU.ActiveCfg = Debug|Any CPU
		{ADBE11C3-185B-4E64-9F4D-ACFA57938EC3}.Debug|Any CPU.Build.0 = Debug|Any CPU
		{ADBE11C3-185B-4E64-9F4D-ACFA57938EC3}.DEV|Any CPU.ActiveCfg = Release|Any CPU
		{ADBE11C3-185B-4E64-9F4D-ACFA57938EC3}.DEV|Any CPU.Build.0 = Release|Any CPU
		{ADBE11C3-185B-4E64-9F4D-ACFA57938EC3}.PRD|Any CPU.ActiveCfg = Release|Any CPU
		{ADBE11C3-185B-4E64-9F4D-ACFA57938EC3}.PRD|Any CPU.Build.0 = Release|Any CPU
		{ADBE11C3-185B-4E64-9F4D-ACFA57938EC3}.Release|Any CPU.ActiveCfg = Release|Any CPU
		{ADBE11C3-185B-4E64-9F4D-ACFA57938EC3}.Release|Any CPU.Build.0 = Release|Any CPU
		{ADBE11C3-185B-4E64-9F4D-ACFA57938EC3}.TST|Any CPU.ActiveCfg = Release|Any CPU
		{ADBE11C3-185B-4E64-9F4D-ACFA57938EC3}.TST|Any CPU.Build.0 = Release|Any CPU
		{ADBE11C3-185B-4E64-9F4D-ACFA57938EC3}.TST1|Any CPU.ActiveCfg = TST1|Any CPU
		{ADBE11C3-185B-4E64-9F4D-ACFA57938EC3}.TST1|Any CPU.Build.0 = TST1|Any CPU
		{71315D65-FCEF-43D4-B659-F6E50EF8A9DD}.Debug|Any CPU.ActiveCfg = Debug|Any CPU
		{71315D65-FCEF-43D4-B659-F6E50EF8A9DD}.Debug|Any CPU.Build.0 = Debug|Any CPU
		{71315D65-FCEF-43D4-B659-F6E50EF8A9DD}.DEV|Any CPU.ActiveCfg = Release|Any CPU
		{71315D65-FCEF-43D4-B659-F6E50EF8A9DD}.DEV|Any CPU.Build.0 = Release|Any CPU
		{71315D65-FCEF-43D4-B659-F6E50EF8A9DD}.PRD|Any CPU.ActiveCfg = Release|Any CPU
		{71315D65-FCEF-43D4-B659-F6E50EF8A9DD}.PRD|Any CPU.Build.0 = Release|Any CPU
		{71315D65-FCEF-43D4-B659-F6E50EF8A9DD}.Release|Any CPU.ActiveCfg = Release|Any CPU
		{71315D65-FCEF-43D4-B659-F6E50EF8A9DD}.Release|Any CPU.Build.0 = Release|Any CPU
		{71315D65-FCEF-43D4-B659-F6E50EF8A9DD}.TST|Any CPU.ActiveCfg = Release|Any CPU
		{71315D65-FCEF-43D4-B659-F6E50EF8A9DD}.TST|Any CPU.Build.0 = Release|Any CPU
		{71315D65-FCEF-43D4-B659-F6E50EF8A9DD}.TST1|Any CPU.ActiveCfg = TST1|Any CPU
		{71315D65-FCEF-43D4-B659-F6E50EF8A9DD}.TST1|Any CPU.Build.0 = TST1|Any CPU
		{83FEEF08-A049-469B-8F5D-077433EB6CE2}.Debug|Any CPU.ActiveCfg = Debug|Any CPU
		{83FEEF08-A049-469B-8F5D-077433EB6CE2}.Debug|Any CPU.Build.0 = Debug|Any CPU
		{83FEEF08-A049-469B-8F5D-077433EB6CE2}.DEV|Any CPU.ActiveCfg = Release|Any CPU
		{83FEEF08-A049-469B-8F5D-077433EB6CE2}.DEV|Any CPU.Build.0 = Release|Any CPU
		{83FEEF08-A049-469B-8F5D-077433EB6CE2}.PRD|Any CPU.ActiveCfg = Release|Any CPU
		{83FEEF08-A049-469B-8F5D-077433EB6CE2}.PRD|Any CPU.Build.0 = Release|Any CPU
		{83FEEF08-A049-469B-8F5D-077433EB6CE2}.Release|Any CPU.ActiveCfg = Release|Any CPU
		{83FEEF08-A049-469B-8F5D-077433EB6CE2}.Release|Any CPU.Build.0 = Release|Any CPU
		{83FEEF08-A049-469B-8F5D-077433EB6CE2}.TST|Any CPU.ActiveCfg = Release|Any CPU
		{83FEEF08-A049-469B-8F5D-077433EB6CE2}.TST|Any CPU.Build.0 = Release|Any CPU
		{83FEEF08-A049-469B-8F5D-077433EB6CE2}.TST1|Any CPU.ActiveCfg = TST1|Any CPU
		{83FEEF08-A049-469B-8F5D-077433EB6CE2}.TST1|Any CPU.Build.0 = TST1|Any CPU
		{0D8DC4D6-AB8C-4C03-A9A7-EB8E36D72B62}.Debug|Any CPU.ActiveCfg = Debug|Any CPU
		{0D8DC4D6-AB8C-4C03-A9A7-EB8E36D72B62}.Debug|Any CPU.Build.0 = Debug|Any CPU
		{0D8DC4D6-AB8C-4C03-A9A7-EB8E36D72B62}.DEV|Any CPU.ActiveCfg = Release|Any CPU
		{0D8DC4D6-AB8C-4C03-A9A7-EB8E36D72B62}.DEV|Any CPU.Build.0 = Release|Any CPU
		{0D8DC4D6-AB8C-4C03-A9A7-EB8E36D72B62}.PRD|Any CPU.ActiveCfg = Release|Any CPU
		{0D8DC4D6-AB8C-4C03-A9A7-EB8E36D72B62}.PRD|Any CPU.Build.0 = Release|Any CPU
		{0D8DC4D6-AB8C-4C03-A9A7-EB8E36D72B62}.Release|Any CPU.ActiveCfg = Release|Any CPU
		{0D8DC4D6-AB8C-4C03-A9A7-EB8E36D72B62}.Release|Any CPU.Build.0 = Release|Any CPU
		{0D8DC4D6-AB8C-4C03-A9A7-EB8E36D72B62}.TST|Any CPU.ActiveCfg = Release|Any CPU
		{0D8DC4D6-AB8C-4C03-A9A7-EB8E36D72B62}.TST|Any CPU.Build.0 = Release|Any CPU
		{0D8DC4D6-AB8C-4C03-A9A7-EB8E36D72B62}.TST1|Any CPU.ActiveCfg = TST1|Any CPU
		{0D8DC4D6-AB8C-4C03-A9A7-EB8E36D72B62}.TST1|Any CPU.Build.0 = TST1|Any CPU
		{4312AE52-C3D5-435A-A174-93BC9D14B7C1}.Debug|Any CPU.ActiveCfg = Debug|Any CPU
		{4312AE52-C3D5-435A-A174-93BC9D14B7C1}.Debug|Any CPU.Build.0 = Debug|Any CPU
		{4312AE52-C3D5-435A-A174-93BC9D14B7C1}.DEV|Any CPU.ActiveCfg = Release|Any CPU
		{4312AE52-C3D5-435A-A174-93BC9D14B7C1}.DEV|Any CPU.Build.0 = Release|Any CPU
		{4312AE52-C3D5-435A-A174-93BC9D14B7C1}.PRD|Any CPU.ActiveCfg = Release|Any CPU
		{4312AE52-C3D5-435A-A174-93BC9D14B7C1}.PRD|Any CPU.Build.0 = Release|Any CPU
		{4312AE52-C3D5-435A-A174-93BC9D14B7C1}.Release|Any CPU.ActiveCfg = Release|Any CPU
		{4312AE52-C3D5-435A-A174-93BC9D14B7C1}.Release|Any CPU.Build.0 = Release|Any CPU
		{4312AE52-C3D5-435A-A174-93BC9D14B7C1}.TST|Any CPU.ActiveCfg = Release|Any CPU
		{4312AE52-C3D5-435A-A174-93BC9D14B7C1}.TST|Any CPU.Build.0 = Release|Any CPU
		{4312AE52-C3D5-435A-A174-93BC9D14B7C1}.TST1|Any CPU.ActiveCfg = TST1|Any CPU
		{4312AE52-C3D5-435A-A174-93BC9D14B7C1}.TST1|Any CPU.Build.0 = TST1|Any CPU
		{3DB9D842-1E5E-4AF5-98E6-2AD9E95BC664}.Debug|Any CPU.ActiveCfg = Debug|Any CPU
		{3DB9D842-1E5E-4AF5-98E6-2AD9E95BC664}.Debug|Any CPU.Build.0 = Debug|Any CPU
		{3DB9D842-1E5E-4AF5-98E6-2AD9E95BC664}.DEV|Any CPU.ActiveCfg = Release|Any CPU
		{3DB9D842-1E5E-4AF5-98E6-2AD9E95BC664}.DEV|Any CPU.Build.0 = Release|Any CPU
		{3DB9D842-1E5E-4AF5-98E6-2AD9E95BC664}.PRD|Any CPU.ActiveCfg = Release|Any CPU
		{3DB9D842-1E5E-4AF5-98E6-2AD9E95BC664}.PRD|Any CPU.Build.0 = Release|Any CPU
		{3DB9D842-1E5E-4AF5-98E6-2AD9E95BC664}.Release|Any CPU.ActiveCfg = Release|Any CPU
		{3DB9D842-1E5E-4AF5-98E6-2AD9E95BC664}.Release|Any CPU.Build.0 = Release|Any CPU
		{3DB9D842-1E5E-4AF5-98E6-2AD9E95BC664}.TST|Any CPU.ActiveCfg = Release|Any CPU
		{3DB9D842-1E5E-4AF5-98E6-2AD9E95BC664}.TST|Any CPU.Build.0 = Release|Any CPU
		{3DB9D842-1E5E-4AF5-98E6-2AD9E95BC664}.TST1|Any CPU.ActiveCfg = TST1|Any CPU
		{3DB9D842-1E5E-4AF5-98E6-2AD9E95BC664}.TST1|Any CPU.Build.0 = TST1|Any CPU
		{3684D7D4-C33A-4469-823C-36638758FBE5}.Debug|Any CPU.ActiveCfg = Debug|Any CPU
		{3684D7D4-C33A-4469-823C-36638758FBE5}.Debug|Any CPU.Build.0 = Debug|Any CPU
		{3684D7D4-C33A-4469-823C-36638758FBE5}.DEV|Any CPU.ActiveCfg = Release|Any CPU
		{3684D7D4-C33A-4469-823C-36638758FBE5}.DEV|Any CPU.Build.0 = Release|Any CPU
		{3684D7D4-C33A-4469-823C-36638758FBE5}.PRD|Any CPU.ActiveCfg = Release|Any CPU
		{3684D7D4-C33A-4469-823C-36638758FBE5}.PRD|Any CPU.Build.0 = Release|Any CPU
		{3684D7D4-C33A-4469-823C-36638758FBE5}.Release|Any CPU.ActiveCfg = Release|Any CPU
		{3684D7D4-C33A-4469-823C-36638758FBE5}.Release|Any CPU.Build.0 = Release|Any CPU
		{3684D7D4-C33A-4469-823C-36638758FBE5}.TST|Any CPU.ActiveCfg = Release|Any CPU
		{3684D7D4-C33A-4469-823C-36638758FBE5}.TST|Any CPU.Build.0 = Release|Any CPU
		{3684D7D4-C33A-4469-823C-36638758FBE5}.TST1|Any CPU.ActiveCfg = TST1|Any CPU
		{3684D7D4-C33A-4469-823C-36638758FBE5}.TST1|Any CPU.Build.0 = TST1|Any CPU
		{68932B2D-0CB0-4525-90AD-DF8A5D0E9F0F}.Debug|Any CPU.ActiveCfg = Debug|Any CPU
		{68932B2D-0CB0-4525-90AD-DF8A5D0E9F0F}.Debug|Any CPU.Build.0 = Debug|Any CPU
		{68932B2D-0CB0-4525-90AD-DF8A5D0E9F0F}.DEV|Any CPU.ActiveCfg = Release|Any CPU
		{68932B2D-0CB0-4525-90AD-DF8A5D0E9F0F}.DEV|Any CPU.Build.0 = Release|Any CPU
		{68932B2D-0CB0-4525-90AD-DF8A5D0E9F0F}.PRD|Any CPU.ActiveCfg = Release|Any CPU
		{68932B2D-0CB0-4525-90AD-DF8A5D0E9F0F}.PRD|Any CPU.Build.0 = Release|Any CPU
		{68932B2D-0CB0-4525-90AD-DF8A5D0E9F0F}.Release|Any CPU.ActiveCfg = Release|Any CPU
		{68932B2D-0CB0-4525-90AD-DF8A5D0E9F0F}.Release|Any CPU.Build.0 = Release|Any CPU
		{68932B2D-0CB0-4525-90AD-DF8A5D0E9F0F}.TST|Any CPU.ActiveCfg = Release|Any CPU
		{68932B2D-0CB0-4525-90AD-DF8A5D0E9F0F}.TST|Any CPU.Build.0 = Release|Any CPU
		{68932B2D-0CB0-4525-90AD-DF8A5D0E9F0F}.TST1|Any CPU.ActiveCfg = TST1|Any CPU
		{68932B2D-0CB0-4525-90AD-DF8A5D0E9F0F}.TST1|Any CPU.Build.0 = TST1|Any CPU
		{88A50903-D841-4633-97E1-AF9D9F193C7E}.Debug|Any CPU.ActiveCfg = Debug|Any CPU
		{88A50903-D841-4633-97E1-AF9D9F193C7E}.Debug|Any CPU.Build.0 = Debug|Any CPU
		{88A50903-D841-4633-97E1-AF9D9F193C7E}.DEV|Any CPU.ActiveCfg = Release|Any CPU
		{88A50903-D841-4633-97E1-AF9D9F193C7E}.DEV|Any CPU.Build.0 = Release|Any CPU
		{88A50903-D841-4633-97E1-AF9D9F193C7E}.PRD|Any CPU.ActiveCfg = Release|Any CPU
		{88A50903-D841-4633-97E1-AF9D9F193C7E}.PRD|Any CPU.Build.0 = Release|Any CPU
		{88A50903-D841-4633-97E1-AF9D9F193C7E}.Release|Any CPU.ActiveCfg = Release|Any CPU
		{88A50903-D841-4633-97E1-AF9D9F193C7E}.Release|Any CPU.Build.0 = Release|Any CPU
		{88A50903-D841-4633-97E1-AF9D9F193C7E}.TST|Any CPU.ActiveCfg = Release|Any CPU
		{88A50903-D841-4633-97E1-AF9D9F193C7E}.TST|Any CPU.Build.0 = Release|Any CPU
		{88A50903-D841-4633-97E1-AF9D9F193C7E}.TST1|Any CPU.ActiveCfg = TST1|Any CPU
		{88A50903-D841-4633-97E1-AF9D9F193C7E}.TST1|Any CPU.Build.0 = TST1|Any CPU
		{6DCE5AA0-FF62-454A-94E9-B766C413E673}.Debug|Any CPU.ActiveCfg = Debug|Any CPU
		{6DCE5AA0-FF62-454A-94E9-B766C413E673}.Debug|Any CPU.Build.0 = Debug|Any CPU
		{6DCE5AA0-FF62-454A-94E9-B766C413E673}.DEV|Any CPU.ActiveCfg = Release|Any CPU
		{6DCE5AA0-FF62-454A-94E9-B766C413E673}.DEV|Any CPU.Build.0 = Release|Any CPU
		{6DCE5AA0-FF62-454A-94E9-B766C413E673}.PRD|Any CPU.ActiveCfg = Release|Any CPU
		{6DCE5AA0-FF62-454A-94E9-B766C413E673}.PRD|Any CPU.Build.0 = Release|Any CPU
		{6DCE5AA0-FF62-454A-94E9-B766C413E673}.Release|Any CPU.ActiveCfg = Release|Any CPU
		{6DCE5AA0-FF62-454A-94E9-B766C413E673}.Release|Any CPU.Build.0 = Release|Any CPU
		{6DCE5AA0-FF62-454A-94E9-B766C413E673}.TST|Any CPU.ActiveCfg = Release|Any CPU
		{6DCE5AA0-FF62-454A-94E9-B766C413E673}.TST|Any CPU.Build.0 = Release|Any CPU
		{6DCE5AA0-FF62-454A-94E9-B766C413E673}.TST1|Any CPU.ActiveCfg = TST1|Any CPU
		{6DCE5AA0-FF62-454A-94E9-B766C413E673}.TST1|Any CPU.Build.0 = TST1|Any CPU
		{103B81EF-BD13-418D-9280-99552C1F590B}.Debug|Any CPU.ActiveCfg = Debug|Any CPU
		{103B81EF-BD13-418D-9280-99552C1F590B}.Debug|Any CPU.Build.0 = Debug|Any CPU
		{103B81EF-BD13-418D-9280-99552C1F590B}.DEV|Any CPU.ActiveCfg = Release|Any CPU
		{103B81EF-BD13-418D-9280-99552C1F590B}.DEV|Any CPU.Build.0 = Release|Any CPU
		{103B81EF-BD13-418D-9280-99552C1F590B}.PRD|Any CPU.ActiveCfg = Release|Any CPU
		{103B81EF-BD13-418D-9280-99552C1F590B}.PRD|Any CPU.Build.0 = Release|Any CPU
		{103B81EF-BD13-418D-9280-99552C1F590B}.Release|Any CPU.ActiveCfg = Release|Any CPU
		{103B81EF-BD13-418D-9280-99552C1F590B}.Release|Any CPU.Build.0 = Release|Any CPU
		{103B81EF-BD13-418D-9280-99552C1F590B}.TST|Any CPU.ActiveCfg = Release|Any CPU
		{103B81EF-BD13-418D-9280-99552C1F590B}.TST|Any CPU.Build.0 = Release|Any CPU
		{103B81EF-BD13-418D-9280-99552C1F590B}.TST1|Any CPU.ActiveCfg = TST1|Any CPU
		{103B81EF-BD13-418D-9280-99552C1F590B}.TST1|Any CPU.Build.0 = TST1|Any CPU
		{F880ABEF-9B1F-4C43-A9D7-546685377E7D}.Debug|Any CPU.ActiveCfg = Debug|Any CPU
		{F880ABEF-9B1F-4C43-A9D7-546685377E7D}.Debug|Any CPU.Build.0 = Debug|Any CPU
		{F880ABEF-9B1F-4C43-A9D7-546685377E7D}.DEV|Any CPU.ActiveCfg = Release|Any CPU
		{F880ABEF-9B1F-4C43-A9D7-546685377E7D}.DEV|Any CPU.Build.0 = Release|Any CPU
		{F880ABEF-9B1F-4C43-A9D7-546685377E7D}.PRD|Any CPU.ActiveCfg = Release|Any CPU
		{F880ABEF-9B1F-4C43-A9D7-546685377E7D}.PRD|Any CPU.Build.0 = Release|Any CPU
		{F880ABEF-9B1F-4C43-A9D7-546685377E7D}.Release|Any CPU.ActiveCfg = Release|Any CPU
		{F880ABEF-9B1F-4C43-A9D7-546685377E7D}.Release|Any CPU.Build.0 = Release|Any CPU
		{F880ABEF-9B1F-4C43-A9D7-546685377E7D}.TST|Any CPU.ActiveCfg = Release|Any CPU
		{F880ABEF-9B1F-4C43-A9D7-546685377E7D}.TST|Any CPU.Build.0 = Release|Any CPU
		{F880ABEF-9B1F-4C43-A9D7-546685377E7D}.TST1|Any CPU.ActiveCfg = TST1|Any CPU
		{F880ABEF-9B1F-4C43-A9D7-546685377E7D}.TST1|Any CPU.Build.0 = TST1|Any CPU
		{C1CB4C1C-F2F8-4970-881D-8796FE8A9589}.Debug|Any CPU.ActiveCfg = LCL|Any CPU
		{C1CB4C1C-F2F8-4970-881D-8796FE8A9589}.Debug|Any CPU.Build.0 = LCL|Any CPU
		{C1CB4C1C-F2F8-4970-881D-8796FE8A9589}.DEV|Any CPU.ActiveCfg = DEV|Any CPU
		{C1CB4C1C-F2F8-4970-881D-8796FE8A9589}.DEV|Any CPU.Build.0 = DEV|Any CPU
		{C1CB4C1C-F2F8-4970-881D-8796FE8A9589}.PRD|Any CPU.ActiveCfg = PRD|Any CPU
		{C1CB4C1C-F2F8-4970-881D-8796FE8A9589}.PRD|Any CPU.Build.0 = PRD|Any CPU
		{C1CB4C1C-F2F8-4970-881D-8796FE8A9589}.Release|Any CPU.ActiveCfg = PRD|Any CPU
		{C1CB4C1C-F2F8-4970-881D-8796FE8A9589}.Release|Any CPU.Build.0 = PRD|Any CPU
		{C1CB4C1C-F2F8-4970-881D-8796FE8A9589}.TST|Any CPU.ActiveCfg = TST|Any CPU
		{C1CB4C1C-F2F8-4970-881D-8796FE8A9589}.TST|Any CPU.Build.0 = TST|Any CPU
		{C1CB4C1C-F2F8-4970-881D-8796FE8A9589}.TST1|Any CPU.ActiveCfg = TST1|Any CPU
		{C1CB4C1C-F2F8-4970-881D-8796FE8A9589}.TST1|Any CPU.Build.0 = TST1|Any CPU
		{3AE144F1-77F2-4696-8B49-D57F7C98BAF2}.Debug|Any CPU.ActiveCfg = Debug|Any CPU
		{3AE144F1-77F2-4696-8B49-D57F7C98BAF2}.Debug|Any CPU.Build.0 = Debug|Any CPU
		{3AE144F1-77F2-4696-8B49-D57F7C98BAF2}.DEV|Any CPU.ActiveCfg = Release|Any CPU
		{3AE144F1-77F2-4696-8B49-D57F7C98BAF2}.DEV|Any CPU.Build.0 = Release|Any CPU
		{3AE144F1-77F2-4696-8B49-D57F7C98BAF2}.PRD|Any CPU.ActiveCfg = Release|Any CPU
		{3AE144F1-77F2-4696-8B49-D57F7C98BAF2}.PRD|Any CPU.Build.0 = Release|Any CPU
		{3AE144F1-77F2-4696-8B49-D57F7C98BAF2}.Release|Any CPU.ActiveCfg = Release|Any CPU
		{3AE144F1-77F2-4696-8B49-D57F7C98BAF2}.Release|Any CPU.Build.0 = Release|Any CPU
		{3AE144F1-77F2-4696-8B49-D57F7C98BAF2}.TST|Any CPU.ActiveCfg = Release|Any CPU
		{3AE144F1-77F2-4696-8B49-D57F7C98BAF2}.TST|Any CPU.Build.0 = Release|Any CPU
		{3AE144F1-77F2-4696-8B49-D57F7C98BAF2}.TST1|Any CPU.ActiveCfg = TST1|Any CPU
		{3AE144F1-77F2-4696-8B49-D57F7C98BAF2}.TST1|Any CPU.Build.0 = TST1|Any CPU
		{9E3530FB-5839-4A08-844D-4C91689EC231}.Debug|Any CPU.ActiveCfg = Debug|Any CPU
		{9E3530FB-5839-4A08-844D-4C91689EC231}.Debug|Any CPU.Build.0 = Debug|Any CPU
		{9E3530FB-5839-4A08-844D-4C91689EC231}.DEV|Any CPU.ActiveCfg = Release|Any CPU
		{9E3530FB-5839-4A08-844D-4C91689EC231}.DEV|Any CPU.Build.0 = Release|Any CPU
		{9E3530FB-5839-4A08-844D-4C91689EC231}.PRD|Any CPU.ActiveCfg = Release|Any CPU
		{9E3530FB-5839-4A08-844D-4C91689EC231}.PRD|Any CPU.Build.0 = Release|Any CPU
		{9E3530FB-5839-4A08-844D-4C91689EC231}.Release|Any CPU.ActiveCfg = Release|Any CPU
		{9E3530FB-5839-4A08-844D-4C91689EC231}.Release|Any CPU.Build.0 = Release|Any CPU
		{9E3530FB-5839-4A08-844D-4C91689EC231}.TST|Any CPU.ActiveCfg = Release|Any CPU
		{9E3530FB-5839-4A08-844D-4C91689EC231}.TST|Any CPU.Build.0 = Release|Any CPU
		{9E3530FB-5839-4A08-844D-4C91689EC231}.TST1|Any CPU.ActiveCfg = TST1|Any CPU
		{9E3530FB-5839-4A08-844D-4C91689EC231}.TST1|Any CPU.Build.0 = TST1|Any CPU
		{56422E2B-2220-47F1-AF1C-96BB44FFBD57}.Debug|Any CPU.ActiveCfg = Debug|Any CPU
		{56422E2B-2220-47F1-AF1C-96BB44FFBD57}.Debug|Any CPU.Build.0 = Debug|Any CPU
		{56422E2B-2220-47F1-AF1C-96BB44FFBD57}.DEV|Any CPU.ActiveCfg = Release|Any CPU
		{56422E2B-2220-47F1-AF1C-96BB44FFBD57}.DEV|Any CPU.Build.0 = Release|Any CPU
		{56422E2B-2220-47F1-AF1C-96BB44FFBD57}.PRD|Any CPU.ActiveCfg = Release|Any CPU
		{56422E2B-2220-47F1-AF1C-96BB44FFBD57}.PRD|Any CPU.Build.0 = Release|Any CPU
		{56422E2B-2220-47F1-AF1C-96BB44FFBD57}.Release|Any CPU.ActiveCfg = Release|Any CPU
		{56422E2B-2220-47F1-AF1C-96BB44FFBD57}.Release|Any CPU.Build.0 = Release|Any CPU
		{56422E2B-2220-47F1-AF1C-96BB44FFBD57}.TST|Any CPU.ActiveCfg = Release|Any CPU
		{56422E2B-2220-47F1-AF1C-96BB44FFBD57}.TST|Any CPU.Build.0 = Release|Any CPU
		{56422E2B-2220-47F1-AF1C-96BB44FFBD57}.TST1|Any CPU.ActiveCfg = TST1|Any CPU
		{56422E2B-2220-47F1-AF1C-96BB44FFBD57}.TST1|Any CPU.Build.0 = TST1|Any CPU
		{B4651760-4568-4BD0-BDCF-EF60EB85E2D0}.Debug|Any CPU.ActiveCfg = Debug|Any CPU
		{B4651760-4568-4BD0-BDCF-EF60EB85E2D0}.Debug|Any CPU.Build.0 = Debug|Any CPU
		{B4651760-4568-4BD0-BDCF-EF60EB85E2D0}.DEV|Any CPU.ActiveCfg = Release|Any CPU
		{B4651760-4568-4BD0-BDCF-EF60EB85E2D0}.DEV|Any CPU.Build.0 = Release|Any CPU
		{B4651760-4568-4BD0-BDCF-EF60EB85E2D0}.PRD|Any CPU.ActiveCfg = Release|Any CPU
		{B4651760-4568-4BD0-BDCF-EF60EB85E2D0}.PRD|Any CPU.Build.0 = Release|Any CPU
		{B4651760-4568-4BD0-BDCF-EF60EB85E2D0}.Release|Any CPU.ActiveCfg = Release|Any CPU
		{B4651760-4568-4BD0-BDCF-EF60EB85E2D0}.Release|Any CPU.Build.0 = Release|Any CPU
		{B4651760-4568-4BD0-BDCF-EF60EB85E2D0}.TST|Any CPU.ActiveCfg = Release|Any CPU
		{B4651760-4568-4BD0-BDCF-EF60EB85E2D0}.TST|Any CPU.Build.0 = Release|Any CPU
		{B4651760-4568-4BD0-BDCF-EF60EB85E2D0}.TST1|Any CPU.ActiveCfg = TST1|Any CPU
		{B4651760-4568-4BD0-BDCF-EF60EB85E2D0}.TST1|Any CPU.Build.0 = TST1|Any CPU
		{214C74B5-09DE-434E-BDF9-1576405668A2}.Debug|Any CPU.ActiveCfg = Debug|Any CPU
		{214C74B5-09DE-434E-BDF9-1576405668A2}.Debug|Any CPU.Build.0 = Debug|Any CPU
		{214C74B5-09DE-434E-BDF9-1576405668A2}.DEV|Any CPU.ActiveCfg = Release|Any CPU
		{214C74B5-09DE-434E-BDF9-1576405668A2}.DEV|Any CPU.Build.0 = Release|Any CPU
		{214C74B5-09DE-434E-BDF9-1576405668A2}.PRD|Any CPU.ActiveCfg = Release|Any CPU
		{214C74B5-09DE-434E-BDF9-1576405668A2}.PRD|Any CPU.Build.0 = Release|Any CPU
		{214C74B5-09DE-434E-BDF9-1576405668A2}.Release|Any CPU.ActiveCfg = Release|Any CPU
		{214C74B5-09DE-434E-BDF9-1576405668A2}.Release|Any CPU.Build.0 = Release|Any CPU
		{214C74B5-09DE-434E-BDF9-1576405668A2}.TST|Any CPU.ActiveCfg = Release|Any CPU
		{214C74B5-09DE-434E-BDF9-1576405668A2}.TST|Any CPU.Build.0 = Release|Any CPU
		{214C74B5-09DE-434E-BDF9-1576405668A2}.TST1|Any CPU.ActiveCfg = TST1|Any CPU
		{214C74B5-09DE-434E-BDF9-1576405668A2}.TST1|Any CPU.Build.0 = TST1|Any CPU
		{750846A6-2C6D-4715-884C-D24CE3BC3BC1}.Debug|Any CPU.ActiveCfg = Debug|Any CPU
		{750846A6-2C6D-4715-884C-D24CE3BC3BC1}.Debug|Any CPU.Build.0 = Debug|Any CPU
		{750846A6-2C6D-4715-884C-D24CE3BC3BC1}.DEV|Any CPU.ActiveCfg = Release|Any CPU
		{750846A6-2C6D-4715-884C-D24CE3BC3BC1}.DEV|Any CPU.Build.0 = Release|Any CPU
		{750846A6-2C6D-4715-884C-D24CE3BC3BC1}.PRD|Any CPU.ActiveCfg = Release|Any CPU
		{750846A6-2C6D-4715-884C-D24CE3BC3BC1}.PRD|Any CPU.Build.0 = Release|Any CPU
		{750846A6-2C6D-4715-884C-D24CE3BC3BC1}.Release|Any CPU.ActiveCfg = Release|Any CPU
		{750846A6-2C6D-4715-884C-D24CE3BC3BC1}.Release|Any CPU.Build.0 = Release|Any CPU
		{750846A6-2C6D-4715-884C-D24CE3BC3BC1}.TST|Any CPU.ActiveCfg = Release|Any CPU
		{750846A6-2C6D-4715-884C-D24CE3BC3BC1}.TST|Any CPU.Build.0 = Release|Any CPU
		{750846A6-2C6D-4715-884C-D24CE3BC3BC1}.TST1|Any CPU.ActiveCfg = TST1|Any CPU
		{750846A6-2C6D-4715-884C-D24CE3BC3BC1}.TST1|Any CPU.Build.0 = TST1|Any CPU
		{08319E3E-206C-4E38-B658-171D34FC1812}.Debug|Any CPU.ActiveCfg = Debug|Any CPU
		{08319E3E-206C-4E38-B658-171D34FC1812}.Debug|Any CPU.Build.0 = Debug|Any CPU
		{08319E3E-206C-4E38-B658-171D34FC1812}.DEV|Any CPU.ActiveCfg = Release|Any CPU
		{08319E3E-206C-4E38-B658-171D34FC1812}.DEV|Any CPU.Build.0 = Release|Any CPU
		{08319E3E-206C-4E38-B658-171D34FC1812}.PRD|Any CPU.ActiveCfg = Release|Any CPU
		{08319E3E-206C-4E38-B658-171D34FC1812}.PRD|Any CPU.Build.0 = Release|Any CPU
		{08319E3E-206C-4E38-B658-171D34FC1812}.Release|Any CPU.ActiveCfg = Release|Any CPU
		{08319E3E-206C-4E38-B658-171D34FC1812}.Release|Any CPU.Build.0 = Release|Any CPU
		{08319E3E-206C-4E38-B658-171D34FC1812}.TST|Any CPU.ActiveCfg = Release|Any CPU
		{08319E3E-206C-4E38-B658-171D34FC1812}.TST|Any CPU.Build.0 = Release|Any CPU
		{08319E3E-206C-4E38-B658-171D34FC1812}.TST1|Any CPU.ActiveCfg = TST1|Any CPU
		{08319E3E-206C-4E38-B658-171D34FC1812}.TST1|Any CPU.Build.0 = TST1|Any CPU
		{3EB67AF3-4C72-4D0A-B999-1049DFE1B3DB}.Debug|Any CPU.ActiveCfg = Debug|Any CPU
		{3EB67AF3-4C72-4D0A-B999-1049DFE1B3DB}.Debug|Any CPU.Build.0 = Debug|Any CPU
		{3EB67AF3-4C72-4D0A-B999-1049DFE1B3DB}.DEV|Any CPU.ActiveCfg = Release|Any CPU
		{3EB67AF3-4C72-4D0A-B999-1049DFE1B3DB}.DEV|Any CPU.Build.0 = Release|Any CPU
		{3EB67AF3-4C72-4D0A-B999-1049DFE1B3DB}.PRD|Any CPU.ActiveCfg = Release|Any CPU
		{3EB67AF3-4C72-4D0A-B999-1049DFE1B3DB}.PRD|Any CPU.Build.0 = Release|Any CPU
		{3EB67AF3-4C72-4D0A-B999-1049DFE1B3DB}.Release|Any CPU.ActiveCfg = Release|Any CPU
		{3EB67AF3-4C72-4D0A-B999-1049DFE1B3DB}.Release|Any CPU.Build.0 = Release|Any CPU
		{3EB67AF3-4C72-4D0A-B999-1049DFE1B3DB}.TST|Any CPU.ActiveCfg = Release|Any CPU
		{3EB67AF3-4C72-4D0A-B999-1049DFE1B3DB}.TST|Any CPU.Build.0 = Release|Any CPU
		{3EB67AF3-4C72-4D0A-B999-1049DFE1B3DB}.TST1|Any CPU.ActiveCfg = TST1|Any CPU
		{3EB67AF3-4C72-4D0A-B999-1049DFE1B3DB}.TST1|Any CPU.Build.0 = TST1|Any CPU
		{D771259F-E4A8-4E61-8C29-79F4A9A937F5}.Debug|Any CPU.ActiveCfg = Debug|Any CPU
		{D771259F-E4A8-4E61-8C29-79F4A9A937F5}.Debug|Any CPU.Build.0 = Debug|Any CPU
		{D771259F-E4A8-4E61-8C29-79F4A9A937F5}.DEV|Any CPU.ActiveCfg = Release|Any CPU
		{D771259F-E4A8-4E61-8C29-79F4A9A937F5}.DEV|Any CPU.Build.0 = Release|Any CPU
		{D771259F-E4A8-4E61-8C29-79F4A9A937F5}.PRD|Any CPU.ActiveCfg = Release|Any CPU
		{D771259F-E4A8-4E61-8C29-79F4A9A937F5}.PRD|Any CPU.Build.0 = Release|Any CPU
		{D771259F-E4A8-4E61-8C29-79F4A9A937F5}.Release|Any CPU.ActiveCfg = Release|Any CPU
		{D771259F-E4A8-4E61-8C29-79F4A9A937F5}.Release|Any CPU.Build.0 = Release|Any CPU
		{D771259F-E4A8-4E61-8C29-79F4A9A937F5}.TST|Any CPU.ActiveCfg = Release|Any CPU
		{D771259F-E4A8-4E61-8C29-79F4A9A937F5}.TST|Any CPU.Build.0 = Release|Any CPU
		{D771259F-E4A8-4E61-8C29-79F4A9A937F5}.TST1|Any CPU.ActiveCfg = TST1|Any CPU
		{D771259F-E4A8-4E61-8C29-79F4A9A937F5}.TST1|Any CPU.Build.0 = TST1|Any CPU
		{E32205A6-B6BE-4748-91E6-7FF39C026EE4}.Debug|Any CPU.ActiveCfg = Debug|Any CPU
		{E32205A6-B6BE-4748-91E6-7FF39C026EE4}.Debug|Any CPU.Build.0 = Debug|Any CPU
		{E32205A6-B6BE-4748-91E6-7FF39C026EE4}.DEV|Any CPU.ActiveCfg = Release|Any CPU
		{E32205A6-B6BE-4748-91E6-7FF39C026EE4}.DEV|Any CPU.Build.0 = Release|Any CPU
		{E32205A6-B6BE-4748-91E6-7FF39C026EE4}.PRD|Any CPU.ActiveCfg = Release|Any CPU
		{E32205A6-B6BE-4748-91E6-7FF39C026EE4}.PRD|Any CPU.Build.0 = Release|Any CPU
		{E32205A6-B6BE-4748-91E6-7FF39C026EE4}.Release|Any CPU.ActiveCfg = Release|Any CPU
		{E32205A6-B6BE-4748-91E6-7FF39C026EE4}.Release|Any CPU.Build.0 = Release|Any CPU
		{E32205A6-B6BE-4748-91E6-7FF39C026EE4}.TST|Any CPU.ActiveCfg = Release|Any CPU
		{E32205A6-B6BE-4748-91E6-7FF39C026EE4}.TST|Any CPU.Build.0 = Release|Any CPU
		{E32205A6-B6BE-4748-91E6-7FF39C026EE4}.TST1|Any CPU.ActiveCfg = TST1|Any CPU
		{E32205A6-B6BE-4748-91E6-7FF39C026EE4}.TST1|Any CPU.Build.0 = TST1|Any CPU
		{E3DF40C5-76A3-46BF-B043-596C811C3ECD}.Debug|Any CPU.ActiveCfg = Debug|Any CPU
		{E3DF40C5-76A3-46BF-B043-596C811C3ECD}.Debug|Any CPU.Build.0 = Debug|Any CPU
		{E3DF40C5-76A3-46BF-B043-596C811C3ECD}.DEV|Any CPU.ActiveCfg = Debug|Any CPU
		{E3DF40C5-76A3-46BF-B043-596C811C3ECD}.DEV|Any CPU.Build.0 = Debug|Any CPU
		{E3DF40C5-76A3-46BF-B043-596C811C3ECD}.PRD|Any CPU.ActiveCfg = Release|Any CPU
		{E3DF40C5-76A3-46BF-B043-596C811C3ECD}.PRD|Any CPU.Build.0 = Release|Any CPU
		{E3DF40C5-76A3-46BF-B043-596C811C3ECD}.Release|Any CPU.ActiveCfg = Release|Any CPU
		{E3DF40C5-76A3-46BF-B043-596C811C3ECD}.Release|Any CPU.Build.0 = Release|Any CPU
		{E3DF40C5-76A3-46BF-B043-596C811C3ECD}.TST|Any CPU.ActiveCfg = Release|Any CPU
		{E3DF40C5-76A3-46BF-B043-596C811C3ECD}.TST|Any CPU.Build.0 = Release|Any CPU
		{E3DF40C5-76A3-46BF-B043-596C811C3ECD}.TST1|Any CPU.ActiveCfg = TST1|Any CPU
		{E3DF40C5-76A3-46BF-B043-596C811C3ECD}.TST1|Any CPU.Build.0 = TST1|Any CPU
		{88B2292E-21AC-4E65-B458-F47F52E5A4DE}.Debug|Any CPU.ActiveCfg = Debug|Any CPU
		{88B2292E-21AC-4E65-B458-F47F52E5A4DE}.Debug|Any CPU.Build.0 = Debug|Any CPU
		{88B2292E-21AC-4E65-B458-F47F52E5A4DE}.DEV|Any CPU.ActiveCfg = Debug|Any CPU
		{88B2292E-21AC-4E65-B458-F47F52E5A4DE}.DEV|Any CPU.Build.0 = Debug|Any CPU
		{88B2292E-21AC-4E65-B458-F47F52E5A4DE}.PRD|Any CPU.ActiveCfg = Release|Any CPU
		{88B2292E-21AC-4E65-B458-F47F52E5A4DE}.PRD|Any CPU.Build.0 = Release|Any CPU
		{88B2292E-21AC-4E65-B458-F47F52E5A4DE}.Release|Any CPU.ActiveCfg = Release|Any CPU
		{88B2292E-21AC-4E65-B458-F47F52E5A4DE}.Release|Any CPU.Build.0 = Release|Any CPU
		{88B2292E-21AC-4E65-B458-F47F52E5A4DE}.TST|Any CPU.ActiveCfg = Release|Any CPU
		{88B2292E-21AC-4E65-B458-F47F52E5A4DE}.TST|Any CPU.Build.0 = Release|Any CPU
		{88B2292E-21AC-4E65-B458-F47F52E5A4DE}.TST1|Any CPU.ActiveCfg = TST1|Any CPU
		{88B2292E-21AC-4E65-B458-F47F52E5A4DE}.TST1|Any CPU.Build.0 = TST1|Any CPU
		{04CCC9A2-799F-4C7D-B4CB-D38C09A3BF6E}.Debug|Any CPU.ActiveCfg = Debug|Any CPU
		{04CCC9A2-799F-4C7D-B4CB-D38C09A3BF6E}.Debug|Any CPU.Build.0 = Debug|Any CPU
		{04CCC9A2-799F-4C7D-B4CB-D38C09A3BF6E}.DEV|Any CPU.ActiveCfg = Debug|Any CPU
		{04CCC9A2-799F-4C7D-B4CB-D38C09A3BF6E}.DEV|Any CPU.Build.0 = Debug|Any CPU
		{04CCC9A2-799F-4C7D-B4CB-D38C09A3BF6E}.PRD|Any CPU.ActiveCfg = Release|Any CPU
		{04CCC9A2-799F-4C7D-B4CB-D38C09A3BF6E}.PRD|Any CPU.Build.0 = Release|Any CPU
		{04CCC9A2-799F-4C7D-B4CB-D38C09A3BF6E}.Release|Any CPU.ActiveCfg = Release|Any CPU
		{04CCC9A2-799F-4C7D-B4CB-D38C09A3BF6E}.Release|Any CPU.Build.0 = Release|Any CPU
		{04CCC9A2-799F-4C7D-B4CB-D38C09A3BF6E}.TST|Any CPU.ActiveCfg = Release|Any CPU
		{04CCC9A2-799F-4C7D-B4CB-D38C09A3BF6E}.TST|Any CPU.Build.0 = Release|Any CPU
		{04CCC9A2-799F-4C7D-B4CB-D38C09A3BF6E}.TST1|Any CPU.ActiveCfg = TST1|Any CPU
		{04CCC9A2-799F-4C7D-B4CB-D38C09A3BF6E}.TST1|Any CPU.Build.0 = TST1|Any CPU
		{4E4E4399-1D80-4198-9B71-18183FB13474}.Debug|Any CPU.ActiveCfg = Debug|Any CPU
		{4E4E4399-1D80-4198-9B71-18183FB13474}.Debug|Any CPU.Build.0 = Debug|Any CPU
		{4E4E4399-1D80-4198-9B71-18183FB13474}.DEV|Any CPU.ActiveCfg = Debug|Any CPU
		{4E4E4399-1D80-4198-9B71-18183FB13474}.DEV|Any CPU.Build.0 = Debug|Any CPU
		{4E4E4399-1D80-4198-9B71-18183FB13474}.PRD|Any CPU.ActiveCfg = Release|Any CPU
		{4E4E4399-1D80-4198-9B71-18183FB13474}.PRD|Any CPU.Build.0 = Release|Any CPU
		{4E4E4399-1D80-4198-9B71-18183FB13474}.Release|Any CPU.ActiveCfg = Release|Any CPU
		{4E4E4399-1D80-4198-9B71-18183FB13474}.Release|Any CPU.Build.0 = Release|Any CPU
		{4E4E4399-1D80-4198-9B71-18183FB13474}.TST|Any CPU.ActiveCfg = Release|Any CPU
		{4E4E4399-1D80-4198-9B71-18183FB13474}.TST|Any CPU.Build.0 = Release|Any CPU
		{4E4E4399-1D80-4198-9B71-18183FB13474}.TST1|Any CPU.ActiveCfg = Release|Any CPU
		{4E4E4399-1D80-4198-9B71-18183FB13474}.TST1|Any CPU.Build.0 = Release|Any CPU
	EndGlobalSection
	GlobalSection(SolutionProperties) = preSolution
		HideSolutionNode = FALSE
	EndGlobalSection
	GlobalSection(NestedProjects) = preSolution
		{EAFE1E93-73FA-4DD3-9CD6-4C3C4F969DA7} = {F486FA51-6E52-449D-9436-F5A859DA851E}
		{C095CABB-A2BC-45F2-9592-9E75E909622B} = {FC0110F0-537B-4486-A9AD-0910B831B215}
		{E6A8A670-4E46-4C81-9005-4C159D95932F} = {482030F1-D172-4E7C-876E-7D52F12B29CF}
		{DCD24E7C-7328-4D5F-9796-F77312E13EA3} = {FC0110F0-537B-4486-A9AD-0910B831B215}
		{32CF6C98-D476-446B-AC2B-8A36E6430D91} = {FC0110F0-537B-4486-A9AD-0910B831B215}
		{123BA357-AAC6-4E30-8AF9-9CD944BF25DF} = {FC0110F0-537B-4486-A9AD-0910B831B215}
		{DE1F83E8-8785-475F-9D0E-19AF3F12C684} = {12EF351A-74EE-42D7-B63A-BAE31D1E69DD}
		{360F0643-A516-4B1D-905A-F010A5783AC9} = {FC0110F0-537B-4486-A9AD-0910B831B215}
		{232A6DA0-3D04-4F84-8C51-9ECA469EF638} = {FC0110F0-537B-4486-A9AD-0910B831B215}
		{768E1795-0A6B-4396-94B6-BEA4B1713E6C} = {FC0110F0-537B-4486-A9AD-0910B831B215}
		{151601E7-810A-4BAF-8D96-1DC589D603DA} = {D7DD20EB-EDEF-46A4-BE6D-7BD496E2178C}
		{D126F979-3E89-4A0F-AD21-9ED5C99C8AC2} = {D7DD20EB-EDEF-46A4-BE6D-7BD496E2178C}
		{98890FF2-0995-4F5C-9073-500690342BC8} = {D7DD20EB-EDEF-46A4-BE6D-7BD496E2178C}
		{E5AA6562-F64B-4A38-92C2-A8B9D0D47C10} = {D7DD20EB-EDEF-46A4-BE6D-7BD496E2178C}
		{BDB91387-C3FF-41ED-86B3-0620C6D61AD7} = {D7DD20EB-EDEF-46A4-BE6D-7BD496E2178C}
		{386329D8-725F-4518-BFF8-496246552261} = {12EF351A-74EE-42D7-B63A-BAE31D1E69DD}
		{D271F881-E1C6-47FF-B2F6-2805B6F23389} = {12EF351A-74EE-42D7-B63A-BAE31D1E69DD}
		{DFD95AD4-01A4-4932-BA10-6B1A24A17072} = {12EF351A-74EE-42D7-B63A-BAE31D1E69DD}
		{67D93016-602C-462B-BE46-9FDFA9ED2566} = {12EF351A-74EE-42D7-B63A-BAE31D1E69DD}
		{19243B19-DEC2-49C1-83A1-C1BFC861C9E3} = {12EF351A-74EE-42D7-B63A-BAE31D1E69DD}
		{400BB22A-8C66-4ADA-8EAA-C499FFF66F4D} = {F006E197-3F94-47C3-BF08-923E7E9A1C24}
		{4B1DEACB-4EAA-4B39-9D72-D62F56D4B5F8} = {D7DD20EB-EDEF-46A4-BE6D-7BD496E2178C}
		{98EC024C-6439-44B1-8B1E-29E457B2201F} = {ED7BA920-EF2D-4D86-A48D-76DBDFB95CE8}
		{089DA187-7317-4A54-80B3-FC0687229C60} = {ED7BA920-EF2D-4D86-A48D-76DBDFB95CE8}
		{6BFC96B8-A443-4A99-A0FF-212DF29E9323} = {E7BF9AE3-8118-401F-ADEA-B47B58BED54E}
		{6A0EC1BE-8308-4310-83E3-7F8434AB3685} = {E7BF9AE3-8118-401F-ADEA-B47B58BED54E}
		{6A5BD8FD-1A0E-4B8E-88CD-88AEFE228DBB} = {E7BF9AE3-8118-401F-ADEA-B47B58BED54E}
		{367772AE-70EC-4865-B296-9A72D8062E80} = {E7BF9AE3-8118-401F-ADEA-B47B58BED54E}
		{87185044-7F89-443C-BBFD-B97BB24379B0} = {482030F1-D172-4E7C-876E-7D52F12B29CF}
		{3AFAB82D-059D-4173-95C3-428B465FE43C} = {482030F1-D172-4E7C-876E-7D52F12B29CF}
		{AC7BED6A-2890-48D1-B1E3-C746053CD4DB} = {12EF351A-74EE-42D7-B63A-BAE31D1E69DD}
		{6120EDD0-2328-4742-AD76-82FB255065C4} = {ED7BA920-EF2D-4D86-A48D-76DBDFB95CE8}
		{B4797CE1-678F-4F83-9C3D-060F3BDD6460} = {ED7BA920-EF2D-4D86-A48D-76DBDFB95CE8}
		{D42CE420-D856-40A5-99E8-5FA15D866779} = {ED7BA920-EF2D-4D86-A48D-76DBDFB95CE8}
		{98504052-EF0B-44C3-BF02-0B5C9D56C363} = {CFA5D7F3-A942-48EF-8AFE-D2467AF6CDEF}
		{ADBE11C3-185B-4E64-9F4D-ACFA57938EC3} = {F006E197-3F94-47C3-BF08-923E7E9A1C24}
		{71315D65-FCEF-43D4-B659-F6E50EF8A9DD} = {ED7BA920-EF2D-4D86-A48D-76DBDFB95CE8}
		{83FEEF08-A049-469B-8F5D-077433EB6CE2} = {D7DD20EB-EDEF-46A4-BE6D-7BD496E2178C}
		{0D8DC4D6-AB8C-4C03-A9A7-EB8E36D72B62} = {12EF351A-74EE-42D7-B63A-BAE31D1E69DD}
		{4312AE52-C3D5-435A-A174-93BC9D14B7C1} = {FC0110F0-537B-4486-A9AD-0910B831B215}
		{3DB9D842-1E5E-4AF5-98E6-2AD9E95BC664} = {D7DD20EB-EDEF-46A4-BE6D-7BD496E2178C}
		{3684D7D4-C33A-4469-823C-36638758FBE5} = {D7DD20EB-EDEF-46A4-BE6D-7BD496E2178C}
		{68932B2D-0CB0-4525-90AD-DF8A5D0E9F0F} = {FC0110F0-537B-4486-A9AD-0910B831B215}
		{88A50903-D841-4633-97E1-AF9D9F193C7E} = {D7DD20EB-EDEF-46A4-BE6D-7BD496E2178C}
		{6DCE5AA0-FF62-454A-94E9-B766C413E673} = {FC0110F0-537B-4486-A9AD-0910B831B215}
		{103B81EF-BD13-418D-9280-99552C1F590B} = {FC0110F0-537B-4486-A9AD-0910B831B215}
		{F880ABEF-9B1F-4C43-A9D7-546685377E7D} = {12EF351A-74EE-42D7-B63A-BAE31D1E69DD}
		{C1CB4C1C-F2F8-4970-881D-8796FE8A9589} = {482030F1-D172-4E7C-876E-7D52F12B29CF}
		{3AE144F1-77F2-4696-8B49-D57F7C98BAF2} = {482030F1-D172-4E7C-876E-7D52F12B29CF}
		{9E3530FB-5839-4A08-844D-4C91689EC231} = {E7BF9AE3-8118-401F-ADEA-B47B58BED54E}
		{56422E2B-2220-47F1-AF1C-96BB44FFBD57} = {D7DD20EB-EDEF-46A4-BE6D-7BD496E2178C}
		{B4651760-4568-4BD0-BDCF-EF60EB85E2D0} = {D7DD20EB-EDEF-46A4-BE6D-7BD496E2178C}
		{214C74B5-09DE-434E-BDF9-1576405668A2} = {12EF351A-74EE-42D7-B63A-BAE31D1E69DD}
		{750846A6-2C6D-4715-884C-D24CE3BC3BC1} = {FC0110F0-537B-4486-A9AD-0910B831B215}
		{08319E3E-206C-4E38-B658-171D34FC1812} = {FC0110F0-537B-4486-A9AD-0910B831B215}
		{3EB67AF3-4C72-4D0A-B999-1049DFE1B3DB} = {FC0110F0-537B-4486-A9AD-0910B831B215}
		{D771259F-E4A8-4E61-8C29-79F4A9A937F5} = {CFA5D7F3-A942-48EF-8AFE-D2467AF6CDEF}
		{E32205A6-B6BE-4748-91E6-7FF39C026EE4} = {CFA5D7F3-A942-48EF-8AFE-D2467AF6CDEF}
		{04CCC9A2-799F-4C7D-B4CB-D38C09A3BF6E} = {F006E197-3F94-47C3-BF08-923E7E9A1C24}
		{4E4E4399-1D80-4198-9B71-18183FB13474} = {D7DD20EB-EDEF-46A4-BE6D-7BD496E2178C}
	EndGlobalSection
	GlobalSection(ExtensibilityGlobals) = postSolution
		SolutionGuid = {DE07BBE7-EB22-492D-9018-CB1FBC483F12}
	EndGlobalSection
	GlobalSection(TestCaseManagementSettings) = postSolution
		CategoryFile = wmsMLC.vsmdi
	EndGlobalSection
EndGlobal
